PODS:
  - Flutter (1.0.0)
  - Storyly (1.32.3)
  - storyly_flutter (1.30.0):
    - Flutter
    - Storyly (~> 1.32.0)

DEPENDENCIES:
  - Flutter (from `Flutter`)
  - storyly_flutter (from `.symlinks/plugins/storyly_flutter/ios`)

SPEC REPOS:
  trunk:
    - Storyly

EXTERNAL SOURCES:
  Flutter:
    :path: Flutter
  storyly_flutter:
    :path: ".symlinks/plugins/storyly_flutter/ios"

SPEC CHECKSUMS:
  Flutter: f04841e97a9d0b0a8025694d0796dd46242b2854
  Storyly: 9ee1b0635cbc9adfb77b95252fc547874c446be7
  storyly_flutter: cf7e7fee47259304e14d44c962b8a4ffae7f87af

PODFILE CHECKSUM: cc1f88378b4bfcf93a6ce00d2c587857c6008d3b

COCOAPODS: 1.12.1
