// !$*UTF8*$!
{
	archiveVersion = 1;
	classes = {
	};
	objectVersion = 56;
	objects = {

/* Begin PBXBuildFile section */
		272B892C0B261D381389E855 /* Pods_SwiftUIDemo_Storyly_SwiftUIDemo_StorylyUITests.framework in Frameworks */ = {isa = PBXBuildFile; fileRef = 9A2CC5E88C0D64043DE79FE8 /* Pods_SwiftUIDemo_Storyly_SwiftUIDemo_StorylyUITests.framework */; };
		41107E5F29BF654F005DB675 /* SwiftUIDemo_StorylyApp.swift in Sources */ = {isa = PBXBuildFile; fileRef = 41107E5E29BF654F005DB675 /* SwiftUIDemo_StorylyApp.swift */; };
		41107E6129BF654F005DB675 /* ContentView.swift in Sources */ = {isa = PBXBuildFile; fileRef = 41107E6029BF654F005DB675 /* ContentView.swift */; };
		41107E6329BF6550005DB675 /* Assets.xcassets in Resources */ = {isa = PBXBuildFile; fileRef = 41107E6229BF6550005DB675 /* Assets.xcassets */; };
		41107E6629BF6550005DB675 /* Preview Assets.xcassets in Resources */ = {isa = PBXBuildFile; fileRef = 41107E6529BF6550005DB675 /* Preview Assets.xcassets */; };
		41107E7029BF6550005DB675 /* SwiftUIDemo_StorylyTests.swift in Sources */ = {isa = PBXBuildFile; fileRef = 41107E6F29BF6550005DB675 /* SwiftUIDemo_StorylyTests.swift */; };
		41107E7A29BF6550005DB675 /* SwiftUIDemo_StorylyUITests.swift in Sources */ = {isa = PBXBuildFile; fileRef = 41107E7929BF6550005DB675 /* SwiftUIDemo_StorylyUITests.swift */; };
		41107E7C29BF6550005DB675 /* SwiftUIDemo_StorylyUITestsLaunchTests.swift in Sources */ = {isa = PBXBuildFile; fileRef = 41107E7B29BF6550005DB675 /* SwiftUIDemo_StorylyUITestsLaunchTests.swift */; };
		416241B529C071910003CC9B /* StorylyView.swift in Sources */ = {isa = PBXBuildFile; fileRef = 416241B429C071910003CC9B /* StorylyView.swift */; };
		416241BF29C0B84F0003CC9B /* StorylyViewController.swift in Sources */ = {isa = PBXBuildFile; fileRef = 416241BE29C0B84F0003CC9B /* StorylyViewController.swift */; };
		52EE6B4C868ECEC5E669E31B /* Pods_SwiftUIDemo_StorylyTests.framework in Frameworks */ = {isa = PBXBuildFile; fileRef = 15D55F41FC96BFC839FC81CD /* Pods_SwiftUIDemo_StorylyTests.framework */; };
		60CA5C59363255534C61B4EF /* Pods_SwiftUIDemo_Storyly.framework in Frameworks */ = {isa = PBXBuildFile; fileRef = B181DC66AE885CDD15A6E258 /* Pods_SwiftUIDemo_Storyly.framework */; };
/* End PBXBuildFile section */

/* Begin PBXContainerItemProxy section */
		41107E6C29BF6550005DB675 /* PBXContainerItemProxy */ = {
			isa = PBXContainerItemProxy;
			containerPortal = 41107E5329BF654F005DB675 /* Project object */;
			proxyType = 1;
			remoteGlobalIDString = 41107E5A29BF654F005DB675;
			remoteInfo = "SwiftUIDemo-Storyly";
		};
		41107E7629BF6550005DB675 /* PBXContainerItemProxy */ = {
			isa = PBXContainerItemProxy;
			containerPortal = 41107E5329BF654F005DB675 /* Project object */;
			proxyType = 1;
			remoteGlobalIDString = 41107E5A29BF654F005DB675;
			remoteInfo = "SwiftUIDemo-Storyly";
		};
/* End PBXContainerItemProxy section */

/* Begin PBXFileReference section */
		0FEE13776EC77D0429DE9FEB /* Pods-SwiftUIDemo-Storyly.debug.xcconfig */ = {isa = PBXFileReference; includeInIndex = 1; lastKnownFileType = text.xcconfig; name = "Pods-SwiftUIDemo-Storyly.debug.xcconfig"; path = "Target Support Files/Pods-SwiftUIDemo-Storyly/Pods-SwiftUIDemo-Storyly.debug.xcconfig"; sourceTree = "<group>"; };
		15D55F41FC96BFC839FC81CD /* Pods_SwiftUIDemo_StorylyTests.framework */ = {isa = PBXFileReference; explicitFileType = wrapper.framework; includeInIndex = 0; path = Pods_SwiftUIDemo_StorylyTests.framework; sourceTree = BUILT_PRODUCTS_DIR; };
		41107E5B29BF654F005DB675 /* SwiftUIDemo-Storyly.app */ = {isa = PBXFileReference; explicitFileType = wrapper.application; includeInIndex = 0; path = "SwiftUIDemo-Storyly.app"; sourceTree = BUILT_PRODUCTS_DIR; };
		41107E5E29BF654F005DB675 /* SwiftUIDemo_StorylyApp.swift */ = {isa = PBXFileReference; lastKnownFileType = sourcecode.swift; path = SwiftUIDemo_StorylyApp.swift; sourceTree = "<group>"; };
		41107E6029BF654F005DB675 /* ContentView.swift */ = {isa = PBXFileReference; lastKnownFileType = sourcecode.swift; path = ContentView.swift; sourceTree = "<group>"; };
		41107E6229BF6550005DB675 /* Assets.xcassets */ = {isa = PBXFileReference; lastKnownFileType = folder.assetcatalog; path = Assets.xcassets; sourceTree = "<group>"; };
		41107E6529BF6550005DB675 /* Preview Assets.xcassets */ = {isa = PBXFileReference; lastKnownFileType = folder.assetcatalog; path = "Preview Assets.xcassets"; sourceTree = "<group>"; };
		41107E6B29BF6550005DB675 /* SwiftUIDemo-StorylyTests.xctest */ = {isa = PBXFileReference; explicitFileType = wrapper.cfbundle; includeInIndex = 0; path = "SwiftUIDemo-StorylyTests.xctest"; sourceTree = BUILT_PRODUCTS_DIR; };
		41107E6F29BF6550005DB675 /* SwiftUIDemo_StorylyTests.swift */ = {isa = PBXFileReference; lastKnownFileType = sourcecode.swift; path = SwiftUIDemo_StorylyTests.swift; sourceTree = "<group>"; };
		41107E7529BF6550005DB675 /* SwiftUIDemo-StorylyUITests.xctest */ = {isa = PBXFileReference; explicitFileType = wrapper.cfbundle; includeInIndex = 0; path = "SwiftUIDemo-StorylyUITests.xctest"; sourceTree = BUILT_PRODUCTS_DIR; };
		41107E7929BF6550005DB675 /* SwiftUIDemo_StorylyUITests.swift */ = {isa = PBXFileReference; lastKnownFileType = sourcecode.swift; path = SwiftUIDemo_StorylyUITests.swift; sourceTree = "<group>"; };
		41107E7B29BF6550005DB675 /* SwiftUIDemo_StorylyUITestsLaunchTests.swift */ = {isa = PBXFileReference; lastKnownFileType = sourcecode.swift; path = SwiftUIDemo_StorylyUITestsLaunchTests.swift; sourceTree = "<group>"; };
		416241B429C071910003CC9B /* StorylyView.swift */ = {isa = PBXFileReference; lastKnownFileType = sourcecode.swift; path = StorylyView.swift; sourceTree = "<group>"; };
		416241BE29C0B84F0003CC9B /* StorylyViewController.swift */ = {isa = PBXFileReference; lastKnownFileType = sourcecode.swift; path = StorylyViewController.swift; sourceTree = "<group>"; };
		81BF03AE232C5E71A705B020 /* Pods-SwiftUIDemo-Storyly-SwiftUIDemo-StorylyUITests.release.xcconfig */ = {isa = PBXFileReference; includeInIndex = 1; lastKnownFileType = text.xcconfig; name = "Pods-SwiftUIDemo-Storyly-SwiftUIDemo-StorylyUITests.release.xcconfig"; path = "Target Support Files/Pods-SwiftUIDemo-Storyly-SwiftUIDemo-StorylyUITests/Pods-SwiftUIDemo-Storyly-SwiftUIDemo-StorylyUITests.release.xcconfig"; sourceTree = "<group>"; };
		84A82464E2E8DAB2FF6F5161 /* Pods-SwiftUIDemo-Storyly.release.xcconfig */ = {isa = PBXFileReference; includeInIndex = 1; lastKnownFileType = text.xcconfig; name = "Pods-SwiftUIDemo-Storyly.release.xcconfig"; path = "Target Support Files/Pods-SwiftUIDemo-Storyly/Pods-SwiftUIDemo-Storyly.release.xcconfig"; sourceTree = "<group>"; };
		887742CFB7740C363CD7D096 /* Pods-SwiftUIDemo-StorylyTests.debug.xcconfig */ = {isa = PBXFileReference; includeInIndex = 1; lastKnownFileType = text.xcconfig; name = "Pods-SwiftUIDemo-StorylyTests.debug.xcconfig"; path = "Target Support Files/Pods-SwiftUIDemo-StorylyTests/Pods-SwiftUIDemo-StorylyTests.debug.xcconfig"; sourceTree = "<group>"; };
		9A2CC5E88C0D64043DE79FE8 /* Pods_SwiftUIDemo_Storyly_SwiftUIDemo_StorylyUITests.framework */ = {isa = PBXFileReference; explicitFileType = wrapper.framework; includeInIndex = 0; path = Pods_SwiftUIDemo_Storyly_SwiftUIDemo_StorylyUITests.framework; sourceTree = BUILT_PRODUCTS_DIR; };
		9C962C2C8EE4E523C812BDF0 /* Pods-SwiftUIDemo-StorylyTests.release.xcconfig */ = {isa = PBXFileReference; includeInIndex = 1; lastKnownFileType = text.xcconfig; name = "Pods-SwiftUIDemo-StorylyTests.release.xcconfig"; path = "Target Support Files/Pods-SwiftUIDemo-StorylyTests/Pods-SwiftUIDemo-StorylyTests.release.xcconfig"; sourceTree = "<group>"; };
		A8AABA1E89F013A684198284 /* Pods-SwiftUIDemo-Storyly-SwiftUIDemo-StorylyUITests.debug.xcconfig */ = {isa = PBXFileReference; includeInIndex = 1; lastKnownFileType = text.xcconfig; name = "Pods-SwiftUIDemo-Storyly-SwiftUIDemo-StorylyUITests.debug.xcconfig"; path = "Target Support Files/Pods-SwiftUIDemo-Storyly-SwiftUIDemo-StorylyUITests/Pods-SwiftUIDemo-Storyly-SwiftUIDemo-StorylyUITests.debug.xcconfig"; sourceTree = "<group>"; };
		B181DC66AE885CDD15A6E258 /* Pods_SwiftUIDemo_Storyly.framework */ = {isa = PBXFileReference; explicitFileType = wrapper.framework; includeInIndex = 0; path = Pods_SwiftUIDemo_Storyly.framework; sourceTree = BUILT_PRODUCTS_DIR; };
/* End PBXFileReference section */

/* Begin PBXFrameworksBuildPhase section */
		41107E5829BF654F005DB675 /* Frameworks */ = {
			isa = PBXFrameworksBuildPhase;
			buildActionMask = 2147483647;
			files = (
				60CA5C59363255534C61B4EF /* Pods_SwiftUIDemo_Storyly.framework in Frameworks */,
			);
			runOnlyForDeploymentPostprocessing = 0;
		};
		41107E6829BF6550005DB675 /* Frameworks */ = {
			isa = PBXFrameworksBuildPhase;
			buildActionMask = 2147483647;
			files = (
				52EE6B4C868ECEC5E669E31B /* Pods_SwiftUIDemo_StorylyTests.framework in Frameworks */,
			);
			runOnlyForDeploymentPostprocessing = 0;
		};
		41107E7229BF6550005DB675 /* Frameworks */ = {
			isa = PBXFrameworksBuildPhase;
			buildActionMask = 2147483647;
			files = (
				272B892C0B261D381389E855 /* Pods_SwiftUIDemo_Storyly_SwiftUIDemo_StorylyUITests.framework in Frameworks */,
			);
			runOnlyForDeploymentPostprocessing = 0;
		};
/* End PBXFrameworksBuildPhase section */

/* Begin PBXGroup section */
		41107E5229BF654F005DB675 = {
			isa = PBXGroup;
			children = (
				41107E5D29BF654F005DB675 /* SwiftUIDemo-Storyly */,
				41107E6E29BF6550005DB675 /* SwiftUIDemo-StorylyTests */,
				41107E7829BF6550005DB675 /* SwiftUIDemo-StorylyUITests */,
				41107E5C29BF654F005DB675 /* Products */,
				7B18DBBC24DA21661133B88E /* Pods */,
				47BF6C43EFCC83F98431865D /* Frameworks */,
			);
			sourceTree = "<group>";
		};
		41107E5C29BF654F005DB675 /* Products */ = {
			isa = PBXGroup;
			children = (
				41107E5B29BF654F005DB675 /* SwiftUIDemo-Storyly.app */,
				41107E6B29BF6550005DB675 /* SwiftUIDemo-StorylyTests.xctest */,
				41107E7529BF6550005DB675 /* SwiftUIDemo-StorylyUITests.xctest */,
			);
			name = Products;
			sourceTree = "<group>";
		};
		41107E5D29BF654F005DB675 /* SwiftUIDemo-Storyly */ = {
			isa = PBXGroup;
			children = (
				41107E5E29BF654F005DB675 /* SwiftUIDemo_StorylyApp.swift */,
				41107E6029BF654F005DB675 /* ContentView.swift */,
				41107E6229BF6550005DB675 /* Assets.xcassets */,
				41107E6429BF6550005DB675 /* Preview Content */,
				416241B429C071910003CC9B /* StorylyView.swift */,
				416241BE29C0B84F0003CC9B /* StorylyViewController.swift */,
			);
			path = "SwiftUIDemo-Storyly";
			sourceTree = "<group>";
		};
		41107E6429BF6550005DB675 /* Preview Content */ = {
			isa = PBXGroup;
			children = (
				41107E6529BF6550005DB675 /* Preview Assets.xcassets */,
			);
			path = "Preview Content";
			sourceTree = "<group>";
		};
		41107E6E29BF6550005DB675 /* SwiftUIDemo-StorylyTests */ = {
			isa = PBXGroup;
			children = (
				41107E6F29BF6550005DB675 /* SwiftUIDemo_StorylyTests.swift */,
			);
			path = "SwiftUIDemo-StorylyTests";
			sourceTree = "<group>";
		};
		41107E7829BF6550005DB675 /* SwiftUIDemo-StorylyUITests */ = {
			isa = PBXGroup;
			children = (
				41107E7929BF6550005DB675 /* SwiftUIDemo_StorylyUITests.swift */,
				41107E7B29BF6550005DB675 /* SwiftUIDemo_StorylyUITestsLaunchTests.swift */,
			);
			path = "SwiftUIDemo-StorylyUITests";
			sourceTree = "<group>";
		};
		47BF6C43EFCC83F98431865D /* Frameworks */ = {
			isa = PBXGroup;
			children = (
				B181DC66AE885CDD15A6E258 /* Pods_SwiftUIDemo_Storyly.framework */,
				9A2CC5E88C0D64043DE79FE8 /* Pods_SwiftUIDemo_Storyly_SwiftUIDemo_StorylyUITests.framework */,
				15D55F41FC96BFC839FC81CD /* Pods_SwiftUIDemo_StorylyTests.framework */,
			);
			name = Frameworks;
			sourceTree = "<group>";
		};
		7B18DBBC24DA21661133B88E /* Pods */ = {
			isa = PBXGroup;
			children = (
				0FEE13776EC77D0429DE9FEB /* Pods-SwiftUIDemo-Storyly.debug.xcconfig */,
				84A82464E2E8DAB2FF6F5161 /* Pods-SwiftUIDemo-Storyly.release.xcconfig */,
				A8AABA1E89F013A684198284 /* Pods-SwiftUIDemo-Storyly-SwiftUIDemo-StorylyUITests.debug.xcconfig */,
				81BF03AE232C5E71A705B020 /* Pods-SwiftUIDemo-Storyly-SwiftUIDemo-StorylyUITests.release.xcconfig */,
				887742CFB7740C363CD7D096 /* Pods-SwiftUIDemo-StorylyTests.debug.xcconfig */,
				9C962C2C8EE4E523C812BDF0 /* Pods-SwiftUIDemo-StorylyTests.release.xcconfig */,
			);
			path = Pods;
			sourceTree = "<group>";
		};
/* End PBXGroup section */

/* Begin PBXNativeTarget section */
		41107E5A29BF654F005DB675 /* SwiftUIDemo-Storyly */ = {
			isa = PBXNativeTarget;
			buildConfigurationList = 41107E7F29BF6550005DB675 /* Build configuration list for PBXNativeTarget "SwiftUIDemo-Storyly" */;
			buildPhases = (
				9BF318124F95ECBA7B05E624 /* [CP] Check Pods Manifest.lock */,
				41107E5729BF654F005DB675 /* Sources */,
				41107E5829BF654F005DB675 /* Frameworks */,
				41107E5929BF654F005DB675 /* Resources */,
				F948B838213BF8BE59DB96FD /* [CP] Embed Pods Frameworks */,
			);
			buildRules = (
			);
			dependencies = (
			);
			name = "SwiftUIDemo-Storyly";
			productName = "SwiftUIDemo-Storyly";
			productReference = 41107E5B29BF654F005DB675 /* SwiftUIDemo-Storyly.app */;
			productType = "com.apple.product-type.application";
		};
		41107E6A29BF6550005DB675 /* SwiftUIDemo-StorylyTests */ = {
			isa = PBXNativeTarget;
			buildConfigurationList = 41107E8229BF6550005DB675 /* Build configuration list for PBXNativeTarget "SwiftUIDemo-StorylyTests" */;
			buildPhases = (
				D45E7702AA040B39F0792DBB /* [CP] Check Pods Manifest.lock */,
				41107E6729BF6550005DB675 /* Sources */,
				41107E6829BF6550005DB675 /* Frameworks */,
				41107E6929BF6550005DB675 /* Resources */,
			);
			buildRules = (
			);
			dependencies = (
				41107E6D29BF6550005DB675 /* PBXTargetDependency */,
			);
			name = "SwiftUIDemo-StorylyTests";
			productName = "SwiftUIDemo-StorylyTests";
			productReference = 41107E6B29BF6550005DB675 /* SwiftUIDemo-StorylyTests.xctest */;
			productType = "com.apple.product-type.bundle.unit-test";
		};
		41107E7429BF6550005DB675 /* SwiftUIDemo-StorylyUITests */ = {
			isa = PBXNativeTarget;
			buildConfigurationList = 41107E8529BF6550005DB675 /* Build configuration list for PBXNativeTarget "SwiftUIDemo-StorylyUITests" */;
			buildPhases = (
				80F265A05AE277E66E764F9B /* [CP] Check Pods Manifest.lock */,
				41107E7129BF6550005DB675 /* Sources */,
				41107E7229BF6550005DB675 /* Frameworks */,
				41107E7329BF6550005DB675 /* Resources */,
				5AA4C194183B429F97520954 /* [CP] Embed Pods Frameworks */,
			);
			buildRules = (
			);
			dependencies = (
				41107E7729BF6550005DB675 /* PBXTargetDependency */,
			);
			name = "SwiftUIDemo-StorylyUITests";
			productName = "SwiftUIDemo-StorylyUITests";
			productReference = 41107E7529BF6550005DB675 /* SwiftUIDemo-StorylyUITests.xctest */;
			productType = "com.apple.product-type.bundle.ui-testing";
		};
/* End PBXNativeTarget section */

/* Begin PBXProject section */
		41107E5329BF654F005DB675 /* Project object */ = {
			isa = PBXProject;
			attributes = {
				BuildIndependentTargetsInParallel = 1;
				LastSwiftUpdateCheck = 1400;
				LastUpgradeCheck = 1400;
				TargetAttributes = {
					41107E5A29BF654F005DB675 = {
						CreatedOnToolsVersion = 14.0.1;
					};
					41107E6A29BF6550005DB675 = {
						CreatedOnToolsVersion = 14.0.1;
						TestTargetID = 41107E5A29BF654F005DB675;
					};
					41107E7429BF6550005DB675 = {
						CreatedOnToolsVersion = 14.0.1;
						TestTargetID = 41107E5A29BF654F005DB675;
					};
				};
			};
			buildConfigurationList = 41107E5629BF654F005DB675 /* Build configuration list for PBXProject "SwiftUIDemo-Storyly" */;
			compatibilityVersion = "Xcode 14.0";
			developmentRegion = en;
			hasScannedForEncodings = 0;
			knownRegions = (
				en,
				Base,
			);
			mainGroup = 41107E5229BF654F005DB675;
			productRefGroup = 41107E5C29BF654F005DB675 /* Products */;
			projectDirPath = "";
			projectRoot = "";
			targets = (
				41107E5A29BF654F005DB675 /* SwiftUIDemo-Storyly */,
				41107E6A29BF6550005DB675 /* SwiftUIDemo-StorylyTests */,
				41107E7429BF6550005DB675 /* SwiftUIDemo-StorylyUITests */,
			);
		};
/* End PBXProject section */

/* Begin PBXResourcesBuildPhase section */
		41107E5929BF654F005DB675 /* Resources */ = {
			isa = PBXResourcesBuildPhase;
			buildActionMask = 2147483647;
			files = (
				41107E6629BF6550005DB675 /* Preview Assets.xcassets in Resources */,
				41107E6329BF6550005DB675 /* Assets.xcassets in Resources */,
			);
			runOnlyForDeploymentPostprocessing = 0;
		};
		41107E6929BF6550005DB675 /* Resources */ = {
			isa = PBXResourcesBuildPhase;
			buildActionMask = 2147483647;
			files = (
			);
			runOnlyForDeploymentPostprocessing = 0;
		};
		41107E7329BF6550005DB675 /* Resources */ = {
			isa = PBXResourcesBuildPhase;
			buildActionMask = 2147483647;
			files = (
			);
			runOnlyForDeploymentPostprocessing = 0;
		};
/* End PBXResourcesBuildPhase section */

/* Begin PBXShellScriptBuildPhase section */
		5AA4C194183B429F97520954 /* [CP] Embed Pods Frameworks */ = {
			isa = PBXShellScriptBuildPhase;
			buildActionMask = 2147483647;
			files = (
			);
			inputFileListPaths = (
				"${PODS_ROOT}/Target Support Files/Pods-SwiftUIDemo-Storyly-SwiftUIDemo-StorylyUITests/Pods-SwiftUIDemo-Storyly-SwiftUIDemo-StorylyUITests-frameworks-${CONFIGURATION}-input-files.xcfilelist",
			);
			name = "[CP] Embed Pods Frameworks";
			outputFileListPaths = (
				"${PODS_ROOT}/Target Support Files/Pods-SwiftUIDemo-Storyly-SwiftUIDemo-StorylyUITests/Pods-SwiftUIDemo-Storyly-SwiftUIDemo-StorylyUITests-frameworks-${CONFIGURATION}-output-files.xcfilelist",
			);
			runOnlyForDeploymentPostprocessing = 0;
			shellPath = /bin/sh;
			shellScript = "\"${PODS_ROOT}/Target Support Files/Pods-SwiftUIDemo-Storyly-SwiftUIDemo-StorylyUITests/Pods-SwiftUIDemo-Storyly-SwiftUIDemo-StorylyUITests-frameworks.sh\"\n";
			showEnvVarsInLog = 0;
		};
		80F265A05AE277E66E764F9B /* [CP] Check Pods Manifest.lock */ = {
			isa = PBXShellScriptBuildPhase;
			buildActionMask = 2147483647;
			files = (
			);
			inputFileListPaths = (
			);
			inputPaths = (
				"${PODS_PODFILE_DIR_PATH}/Podfile.lock",
				"${PODS_ROOT}/Manifest.lock",
			);
			name = "[CP] Check Pods Manifest.lock";
			outputFileListPaths = (
			);
			outputPaths = (
				"$(DERIVED_FILE_DIR)/Pods-SwiftUIDemo-Storyly-SwiftUIDemo-StorylyUITests-checkManifestLockResult.txt",
			);
			runOnlyForDeploymentPostprocessing = 0;
			shellPath = /bin/sh;
			shellScript = "diff \"${PODS_PODFILE_DIR_PATH}/Podfile.lock\" \"${PODS_ROOT}/Manifest.lock\" > /dev/null\nif [ $? != 0 ] ; then\n    # print error to STDERR\n    echo \"error: The sandbox is not in sync with the Podfile.lock. Run 'pod install' or update your CocoaPods installation.\" >&2\n    exit 1\nfi\n# This output is used by Xcode 'outputs' to avoid re-running this script phase.\necho \"SUCCESS\" > \"${SCRIPT_OUTPUT_FILE_0}\"\n";
			showEnvVarsInLog = 0;
		};
		9BF318124F95ECBA7B05E624 /* [CP] Check Pods Manifest.lock */ = {
			isa = PBXShellScriptBuildPhase;
			buildActionMask = 2147483647;
			files = (
			);
			inputFileListPaths = (
			);
			inputPaths = (
				"${PODS_PODFILE_DIR_PATH}/Podfile.lock",
				"${PODS_ROOT}/Manifest.lock",
			);
			name = "[CP] Check Pods Manifest.lock";
			outputFileListPaths = (
			);
			outputPaths = (
				"$(DERIVED_FILE_DIR)/Pods-SwiftUIDemo-Storyly-checkManifestLockResult.txt",
			);
			runOnlyForDeploymentPostprocessing = 0;
			shellPath = /bin/sh;
			shellScript = "diff \"${PODS_PODFILE_DIR_PATH}/Podfile.lock\" \"${PODS_ROOT}/Manifest.lock\" > /dev/null\nif [ $? != 0 ] ; then\n    # print error to STDERR\n    echo \"error: The sandbox is not in sync with the Podfile.lock. Run 'pod install' or update your CocoaPods installation.\" >&2\n    exit 1\nfi\n# This output is used by Xcode 'outputs' to avoid re-running this script phase.\necho \"SUCCESS\" > \"${SCRIPT_OUTPUT_FILE_0}\"\n";
			showEnvVarsInLog = 0;
		};
		D45E7702AA040B39F0792DBB /* [CP] Check Pods Manifest.lock */ = {
			isa = PBXShellScriptBuildPhase;
			buildActionMask = 2147483647;
			files = (
			);
			inputFileListPaths = (
			);
			inputPaths = (
				"${PODS_PODFILE_DIR_PATH}/Podfile.lock",
				"${PODS_ROOT}/Manifest.lock",
			);
			name = "[CP] Check Pods Manifest.lock";
			outputFileListPaths = (
			);
			outputPaths = (
				"$(DERIVED_FILE_DIR)/Pods-SwiftUIDemo-StorylyTests-checkManifestLockResult.txt",
			);
			runOnlyForDeploymentPostprocessing = 0;
			shellPath = /bin/sh;
			shellScript = "diff \"${PODS_PODFILE_DIR_PATH}/Podfile.lock\" \"${PODS_ROOT}/Manifest.lock\" > /dev/null\nif [ $? != 0 ] ; then\n    # print error to STDERR\n    echo \"error: The sandbox is not in sync with the Podfile.lock. Run 'pod install' or update your CocoaPods installation.\" >&2\n    exit 1\nfi\n# This output is used by Xcode 'outputs' to avoid re-running this script phase.\necho \"SUCCESS\" > \"${SCRIPT_OUTPUT_FILE_0}\"\n";
			showEnvVarsInLog = 0;
		};
		F948B838213BF8BE59DB96FD /* [CP] Embed Pods Frameworks */ = {
			isa = PBXShellScriptBuildPhase;
			buildActionMask = 2147483647;
			files = (
			);
			inputFileListPaths = (
				"${PODS_ROOT}/Target Support Files/Pods-SwiftUIDemo-Storyly/Pods-SwiftUIDemo-Storyly-frameworks-${CONFIGURATION}-input-files.xcfilelist",
			);
			name = "[CP] Embed Pods Frameworks";
			outputFileListPaths = (
				"${PODS_ROOT}/Target Support Files/Pods-SwiftUIDemo-Storyly/Pods-SwiftUIDemo-Storyly-frameworks-${CONFIGURATION}-output-files.xcfilelist",
			);
			runOnlyForDeploymentPostprocessing = 0;
			shellPath = /bin/sh;
			shellScript = "\"${PODS_ROOT}/Target Support Files/Pods-SwiftUIDemo-Storyly/Pods-SwiftUIDemo-Storyly-frameworks.sh\"\n";
			showEnvVarsInLog = 0;
		};
/* End PBXShellScriptBuildPhase section */

/* Begin PBXSourcesBuildPhase section */
		41107E5729BF654F005DB675 /* Sources */ = {
			isa = PBXSourcesBuildPhase;
			buildActionMask = 2147483647;
			files = (
				41107E6129BF654F005DB675 /* ContentView.swift in Sources */,
				41107E5F29BF654F005DB675 /* SwiftUIDemo_StorylyApp.swift in Sources */,
				416241B529C071910003CC9B /* StorylyView.swift in Sources */,
				416241BF29C0B84F0003CC9B /* StorylyViewController.swift in Sources */,
			);
			runOnlyForDeploymentPostprocessing = 0;
		};
		41107E6729BF6550005DB675 /* Sources */ = {
			isa = PBXSourcesBuildPhase;
			buildActionMask = 2147483647;
			files = (
				41107E7029BF6550005DB675 /* SwiftUIDemo_StorylyTests.swift in Sources */,
			);
			runOnlyForDeploymentPostprocessing = 0;
		};
		41107E7129BF6550005DB675 /* Sources */ = {
			isa = PBXSourcesBuildPhase;
			buildActionMask = 2147483647;
			files = (
				41107E7C29BF6550005DB675 /* SwiftUIDemo_StorylyUITestsLaunchTests.swift in Sources */,
				41107E7A29BF6550005DB675 /* SwiftUIDemo_StorylyUITests.swift in Sources */,
			);
			runOnlyForDeploymentPostprocessing = 0;
		};
/* End PBXSourcesBuildPhase section */

/* Begin PBXTargetDependency section */
		41107E6D29BF6550005DB675 /* PBXTargetDependency */ = {
			isa = PBXTargetDependency;
			target = 41107E5A29BF654F005DB675 /* SwiftUIDemo-Storyly */;
			targetProxy = 41107E6C29BF6550005DB675 /* PBXContainerItemProxy */;
		};
		41107E7729BF6550005DB675 /* PBXTargetDependency */ = {
			isa = PBXTargetDependency;
			target = 41107E5A29BF654F005DB675 /* SwiftUIDemo-Storyly */;
			targetProxy = 41107E7629BF6550005DB675 /* PBXContainerItemProxy */;
		};
/* End PBXTargetDependency section */

/* Begin XCBuildConfiguration section */
		41107E7D29BF6550005DB675 /* Debug */ = {
			isa = XCBuildConfiguration;
			buildSettings = {
				ALWAYS_SEARCH_USER_PATHS = NO;
				CLANG_ANALYZER_NONNULL = YES;
				CLANG_ANALYZER_NUMBER_OBJECT_CONVERSION = YES_AGGRESSIVE;
				CLANG_CXX_LANGUAGE_STANDARD = "gnu++20";
				CLANG_ENABLE_MODULES = YES;
				CLANG_ENABLE_OBJC_ARC = YES;
				CLANG_ENABLE_OBJC_WEAK = YES;
				CLANG_WARN_BLOCK_CAPTURE_AUTORELEASING = YES;
				CLANG_WARN_BOOL_CONVERSION = YES;
				CLANG_WARN_COMMA = YES;
				CLANG_WARN_CONSTANT_CONVERSION = YES;
				CLANG_WARN_DEPRECATED_OBJC_IMPLEMENTATIONS = YES;
				CLANG_WARN_DIRECT_OBJC_ISA_USAGE = YES_ERROR;
				CLANG_WARN_DOCUMENTATION_COMMENTS = YES;
				CLANG_WARN_EMPTY_BODY = YES;
				CLANG_WARN_ENUM_CONVERSION = YES;
				CLANG_WARN_INFINITE_RECURSION = YES;
				CLANG_WARN_INT_CONVERSION = YES;
				CLANG_WARN_NON_LITERAL_NULL_CONVERSION = YES;
				CLANG_WARN_OBJC_IMPLICIT_RETAIN_SELF = YES;
				CLANG_WARN_OBJC_LITERAL_CONVERSION = YES;
				CLANG_WARN_OBJC_ROOT_CLASS = YES_ERROR;
				CLANG_WARN_QUOTED_INCLUDE_IN_FRAMEWORK_HEADER = YES;
				CLANG_WARN_RANGE_LOOP_ANALYSIS = YES;
				CLANG_WARN_STRICT_PROTOTYPES = YES;
				CLANG_WARN_SUSPICIOUS_MOVE = YES;
				CLANG_WARN_UNGUARDED_AVAILABILITY = YES_AGGRESSIVE;
				CLANG_WARN_UNREACHABLE_CODE = YES;
				CLANG_WARN__DUPLICATE_METHOD_MATCH = YES;
				COPY_PHASE_STRIP = NO;
				DEBUG_INFORMATION_FORMAT = dwarf;
				ENABLE_STRICT_OBJC_MSGSEND = YES;
				ENABLE_TESTABILITY = YES;
				GCC_C_LANGUAGE_STANDARD = gnu11;
				GCC_DYNAMIC_NO_PIC = NO;
				GCC_NO_COMMON_BLOCKS = YES;
				GCC_OPTIMIZATION_LEVEL = 0;
				GCC_PREPROCESSOR_DEFINITIONS = (
					"DEBUG=1",
					"$(inherited)",
				);
				GCC_WARN_64_TO_32_BIT_CONVERSION = YES;
				GCC_WARN_ABOUT_RETURN_TYPE = YES_ERROR;
				GCC_WARN_UNDECLARED_SELECTOR = YES;
				GCC_WARN_UNINITIALIZED_AUTOS = YES_AGGRESSIVE;
				GCC_WARN_UNUSED_FUNCTION = YES;
				GCC_WARN_UNUSED_VARIABLE = YES;
				IPHONEOS_DEPLOYMENT_TARGET = 16.0;
				MTL_ENABLE_DEBUG_INFO = INCLUDE_SOURCE;
				MTL_FAST_MATH = YES;
				ONLY_ACTIVE_ARCH = YES;
				SDKROOT = iphoneos;
				SWIFT_ACTIVE_COMPILATION_CONDITIONS = DEBUG;
				SWIFT_OPTIMIZATION_LEVEL = "-Onone";
			};
			name = Debug;
		};
		41107E7E29BF6550005DB675 /* Release */ = {
			isa = XCBuildConfiguration;
			buildSettings = {
				ALWAYS_SEARCH_USER_PATHS = NO;
				CLANG_ANALYZER_NONNULL = YES;
				CLANG_ANALYZER_NUMBER_OBJECT_CONVERSION = YES_AGGRESSIVE;
				CLANG_CXX_LANGUAGE_STANDARD = "gnu++20";
				CLANG_ENABLE_MODULES = YES;
				CLANG_ENABLE_OBJC_ARC = YES;
				CLANG_ENABLE_OBJC_WEAK = YES;
				CLANG_WARN_BLOCK_CAPTURE_AUTORELEASING = YES;
				CLANG_WARN_BOOL_CONVERSION = YES;
				CLANG_WARN_COMMA = YES;
				CLANG_WARN_CONSTANT_CONVERSION = YES;
				CLANG_WARN_DEPRECATED_OBJC_IMPLEMENTATIONS = YES;
				CLANG_WARN_DIRECT_OBJC_ISA_USAGE = YES_ERROR;
				CLANG_WARN_DOCUMENTATION_COMMENTS = YES;
				CLANG_WARN_EMPTY_BODY = YES;
				CLANG_WARN_ENUM_CONVERSION = YES;
				CLANG_WARN_INFINITE_RECURSION = YES;
				CLANG_WARN_INT_CONVERSION = YES;
				CLANG_WARN_NON_LITERAL_NULL_CONVERSION = YES;
				CLANG_WARN_OBJC_IMPLICIT_RETAIN_SELF = YES;
				CLANG_WARN_OBJC_LITERAL_CONVERSION = YES;
				CLANG_WARN_OBJC_ROOT_CLASS = YES_ERROR;
				CLANG_WARN_QUOTED_INCLUDE_IN_FRAMEWORK_HEADER = YES;
				CLANG_WARN_RANGE_LOOP_ANALYSIS = YES;
				CLANG_WARN_STRICT_PROTOTYPES = YES;
				CLANG_WARN_SUSPICIOUS_MOVE = YES;
				CLANG_WARN_UNGUARDED_AVAILABILITY = YES_AGGRESSIVE;
				CLANG_WARN_UNREACHABLE_CODE = YES;
				CLANG_WARN__DUPLICATE_METHOD_MATCH = YES;
				COPY_PHASE_STRIP = NO;
				DEBUG_INFORMATION_FORMAT = "dwarf-with-dsym";
				ENABLE_NS_ASSERTIONS = NO;
				ENABLE_STRICT_OBJC_MSGSEND = YES;
				GCC_C_LANGUAGE_STANDARD = gnu11;
				GCC_NO_COMMON_BLOCKS = YES;
				GCC_WARN_64_TO_32_BIT_CONVERSION = YES;
				GCC_WARN_ABOUT_RETURN_TYPE = YES_ERROR;
				GCC_WARN_UNDECLARED_SELECTOR = YES;
				GCC_WARN_UNINITIALIZED_AUTOS = YES_AGGRESSIVE;
				GCC_WARN_UNUSED_FUNCTION = YES;
				GCC_WARN_UNUSED_VARIABLE = YES;
				IPHONEOS_DEPLOYMENT_TARGET = 16.0;
				MTL_ENABLE_DEBUG_INFO = NO;
				MTL_FAST_MATH = YES;
				SDKROOT = iphoneos;
				SWIFT_COMPILATION_MODE = wholemodule;
				SWIFT_OPTIMIZATION_LEVEL = "-O";
				VALIDATE_PRODUCT = YES;
			};
			name = Release;
		};
		41107E8029BF6550005DB675 /* Debug */ = {
			isa = XCBuildConfiguration;
			baseConfigurationReference = 0FEE13776EC77D0429DE9FEB /* Pods-SwiftUIDemo-Storyly.debug.xcconfig */;
			buildSettings = {
				ASSETCATALOG_COMPILER_APPICON_NAME = AppIcon;
				ASSETCATALOG_COMPILER_GLOBAL_ACCENT_COLOR_NAME = AccentColor;
				CODE_SIGN_STYLE = Automatic;
				CURRENT_PROJECT_VERSION = 1;
				DEVELOPMENT_ASSET_PATHS = "\"SwiftUIDemo-Storyly/Preview Content\"";
				DEVELOPMENT_TEAM = RNF6W7T5MV;
				ENABLE_PREVIEWS = YES;
				GENERATE_INFOPLIST_FILE = YES;
				INFOPLIST_KEY_UIApplicationSceneManifest_Generation = YES;
				INFOPLIST_KEY_UIApplicationSupportsIndirectInputEvents = YES;
				INFOPLIST_KEY_UILaunchScreen_Generation = YES;
				INFOPLIST_KEY_UISupportedInterfaceOrientations_iPad = "UIInterfaceOrientationPortrait UIInterfaceOrientationPortraitUpsideDown UIInterfaceOrientationLandscapeLeft UIInterfaceOrientationLandscapeRight";
				INFOPLIST_KEY_UISupportedInterfaceOrientations_iPhone = "UIInterfaceOrientationPortrait UIInterfaceOrientationLandscapeLeft UIInterfaceOrientationLandscapeRight";
				IPHONEOS_DEPLOYMENT_TARGET = 14.0;
				LD_RUNPATH_SEARCH_PATHS = (
					"$(inherited)",
					"@executable_path/Frameworks",
				);
				MARKETING_VERSION = 1.0;
				PRODUCT_BUNDLE_IDENTIFIER = "appsamurai.SwiftUIDemo-Storyly";
				PRODUCT_NAME = "$(TARGET_NAME)";
				SWIFT_EMIT_LOC_STRINGS = YES;
				SWIFT_VERSION = 5.0;
				TARGETED_DEVICE_FAMILY = "1,2";
			};
			name = Debug;
		};
		41107E8129BF6550005DB675 /* Release */ = {
			isa = XCBuildConfiguration;
			baseConfigurationReference = 84A82464E2E8DAB2FF6F5161 /* Pods-SwiftUIDemo-Storyly.release.xcconfig */;
			buildSettings = {
				ASSETCATALOG_COMPILER_APPICON_NAME = AppIcon;
				ASSETCATALOG_COMPILER_GLOBAL_ACCENT_COLOR_NAME = AccentColor;
				CODE_SIGN_STYLE = Automatic;
				CURRENT_PROJECT_VERSION = 1;
				DEVELOPMENT_ASSET_PATHS = "\"SwiftUIDemo-Storyly/Preview Content\"";
				DEVELOPMENT_TEAM = RNF6W7T5MV;
				ENABLE_PREVIEWS = YES;
				GENERATE_INFOPLIST_FILE = YES;
				INFOPLIST_KEY_UIApplicationSceneManifest_Generation = YES;
				INFOPLIST_KEY_UIApplicationSupportsIndirectInputEvents = YES;
				INFOPLIST_KEY_UILaunchScreen_Generation = YES;
				INFOPLIST_KEY_UISupportedInterfaceOrientations_iPad = "UIInterfaceOrientationPortrait UIInterfaceOrientationPortraitUpsideDown UIInterfaceOrientationLandscapeLeft UIInterfaceOrientationLandscapeRight";
				INFOPLIST_KEY_UISupportedInterfaceOrientations_iPhone = "UIInterfaceOrientationPortrait UIInterfaceOrientationLandscapeLeft UIInterfaceOrientationLandscapeRight";
				IPHONEOS_DEPLOYMENT_TARGET = 14.0;
				LD_RUNPATH_SEARCH_PATHS = (
					"$(inherited)",
					"@executable_path/Frameworks",
				);
				MARKETING_VERSION = 1.0;
				PRODUCT_BUNDLE_IDENTIFIER = "appsamurai.SwiftUIDemo-Storyly";
				PRODUCT_NAME = "$(TARGET_NAME)";
				SWIFT_EMIT_LOC_STRINGS = YES;
				SWIFT_VERSION = 5.0;
				TARGETED_DEVICE_FAMILY = "1,2";
			};
			name = Release;
		};
		41107E8329BF6550005DB675 /* Debug */ = {
			isa = XCBuildConfiguration;
			baseConfigurationReference = 887742CFB7740C363CD7D096 /* Pods-SwiftUIDemo-StorylyTests.debug.xcconfig */;
			buildSettings = {
				ALWAYS_EMBED_SWIFT_STANDARD_LIBRARIES = YES;
				BUNDLE_LOADER = "$(TEST_HOST)";
				CODE_SIGN_STYLE = Automatic;
				CURRENT_PROJECT_VERSION = 1;
				DEVELOPMENT_TEAM = RNF6W7T5MV;
				GENERATE_INFOPLIST_FILE = YES;
				IPHONEOS_DEPLOYMENT_TARGET = 16.0;
				MARKETING_VERSION = 1.0;
				PRODUCT_BUNDLE_IDENTIFIER = "appsamurai.SwiftUIDemo-StorylyTests";
				PRODUCT_NAME = "$(TARGET_NAME)";
				SWIFT_EMIT_LOC_STRINGS = NO;
				SWIFT_VERSION = 5.0;
				TARGETED_DEVICE_FAMILY = "1,2";
				TEST_HOST = "$(BUILT_PRODUCTS_DIR)/SwiftUIDemo-Storyly.app/$(BUNDLE_EXECUTABLE_FOLDER_PATH)/SwiftUIDemo-Storyly";
			};
			name = Debug;
		};
		41107E8429BF6550005DB675 /* Release */ = {
			isa = XCBuildConfiguration;
			baseConfigurationReference = 9C962C2C8EE4E523C812BDF0 /* Pods-SwiftUIDemo-StorylyTests.release.xcconfig */;
			buildSettings = {
				ALWAYS_EMBED_SWIFT_STANDARD_LIBRARIES = YES;
				BUNDLE_LOADER = "$(TEST_HOST)";
				CODE_SIGN_STYLE = Automatic;
				CURRENT_PROJECT_VERSION = 1;
				DEVELOPMENT_TEAM = RNF6W7T5MV;
				GENERATE_INFOPLIST_FILE = YES;
				IPHONEOS_DEPLOYMENT_TARGET = 16.0;
				MARKETING_VERSION = 1.0;
				PRODUCT_BUNDLE_IDENTIFIER = "appsamurai.SwiftUIDemo-StorylyTests";
				PRODUCT_NAME = "$(TARGET_NAME)";
				SWIFT_EMIT_LOC_STRINGS = NO;
				SWIFT_VERSION = 5.0;
				TARGETED_DEVICE_FAMILY = "1,2";
				TEST_HOST = "$(BUILT_PRODUCTS_DIR)/SwiftUIDemo-Storyly.app/$(BUNDLE_EXECUTABLE_FOLDER_PATH)/SwiftUIDemo-Storyly";
			};
			name = Release;
		};
		41107E8629BF6550005DB675 /* Debug */ = {
			isa = XCBuildConfiguration;
			baseConfigurationReference = A8AABA1E89F013A684198284 /* Pods-SwiftUIDemo-Storyly-SwiftUIDemo-StorylyUITests.debug.xcconfig */;
			buildSettings = {
				ALWAYS_EMBED_SWIFT_STANDARD_LIBRARIES = YES;
				CODE_SIGN_STYLE = Automatic;
				CURRENT_PROJECT_VERSION = 1;
				DEVELOPMENT_TEAM = RNF6W7T5MV;
				GENERATE_INFOPLIST_FILE = YES;
				MARKETING_VERSION = 1.0;
				PRODUCT_BUNDLE_IDENTIFIER = "appsamurai.SwiftUIDemo-StorylyUITests";
				PRODUCT_NAME = "$(TARGET_NAME)";
				SWIFT_EMIT_LOC_STRINGS = NO;
				SWIFT_VERSION = 5.0;
				TARGETED_DEVICE_FAMILY = "1,2";
				TEST_TARGET_NAME = "SwiftUIDemo-Storyly";
			};
			name = Debug;
		};
		41107E8729BF6550005DB675 /* Release */ = {
			isa = XCBuildConfiguration;
			baseConfigurationReference = 81BF03AE232C5E71A705B020 /* Pods-SwiftUIDemo-Storyly-SwiftUIDemo-StorylyUITests.release.xcconfig */;
			buildSettings = {
				ALWAYS_EMBED_SWIFT_STANDARD_LIBRARIES = YES;
				CODE_SIGN_STYLE = Automatic;
				CURRENT_PROJECT_VERSION = 1;
				DEVELOPMENT_TEAM = RNF6W7T5MV;
				GENERATE_INFOPLIST_FILE = YES;
				MARKETING_VERSION = 1.0;
				PRODUCT_BUNDLE_IDENTIFIER = "appsamurai.SwiftUIDemo-StorylyUITests";
				PRODUCT_NAME = "$(TARGET_NAME)";
				SWIFT_EMIT_LOC_STRINGS = NO;
				SWIFT_VERSION = 5.0;
				TARGETED_DEVICE_FAMILY = "1,2";
				TEST_TARGET_NAME = "SwiftUIDemo-Storyly";
			};
			name = Release;
		};
/* End XCBuildConfiguration section */

/* Begin XCConfigurationList section */
		41107E5629BF654F005DB675 /* Build configuration list for PBXProject "SwiftUIDemo-Storyly" */ = {
			isa = XCConfigurationList;
			buildConfigurations = (
				41107E7D29BF6550005DB675 /* Debug */,
				41107E7E29BF6550005DB675 /* Release */,
			);
			defaultConfigurationIsVisible = 0;
			defaultConfigurationName = Release;
		};
		41107E7F29BF6550005DB675 /* Build configuration list for PBXNativeTarget "SwiftUIDemo-Storyly" */ = {
			isa = XCConfigurationList;
			buildConfigurations = (
				41107E8029BF6550005DB675 /* Debug */,
				41107E8129BF6550005DB675 /* Release */,
			);
			defaultConfigurationIsVisible = 0;
			defaultConfigurationName = Release;
		};
		41107E8229BF6550005DB675 /* Build configuration list for PBXNativeTarget "SwiftUIDemo-StorylyTests" */ = {
			isa = XCConfigurationList;
			buildConfigurations = (
				41107E8329BF6550005DB675 /* Debug */,
				41107E8429BF6550005DB675 /* Release */,
			);
			defaultConfigurationIsVisible = 0;
			defaultConfigurationName = Release;
		};
		41107E8529BF6550005DB675 /* Build configuration list for PBXNativeTarget "SwiftUIDemo-StorylyUITests" */ = {
			isa = XCConfigurationList;
			buildConfigurations = (
				41107E8629BF6550005DB675 /* Debug */,
				41107E8729BF6550005DB675 /* Release */,
			);
			defaultConfigurationIsVisible = 0;
			defaultConfigurationName = Release;
		};
/* End XCConfigurationList section */
	};
	rootObject = 41107E5329BF654F005DB675 /* Project object */;
}
