// !$*UTF8*$!
{
	archiveVersion = 1;
	classes = {
	};
	objectVersion = 54;
	objects = {

/* Begin PBXBuildFile section */
		19C7686A8439D88F52D8372F /* Pods_StorylyDemo.framework in Frameworks */ = {isa = PBXBuildFile; fileRef = 736369B3007CB8524D1E56A7 /* Pods_StorylyDemo.framework */; };
		4127AA3126B0A5E4004CDE30 /* Tokens.swift in Sources */ = {isa = PBXBuildFile; fileRef = 4127AA3026B0A5E4004CDE30 /* Tokens.swift */; };
		41501BDF25D18A2500928E7C /* EventHandlingViewController.swift in Sources */ = {isa = PBXBuildFile; fileRef = 41501BDE25D18A2500928E7C /* EventHandlingViewController.swift */; };
		41501BE525D18AA700928E7C /* CustomSizeViewController.swift in Sources */ = {isa = PBXBuildFile; fileRef = 41501BE125D18AA600928E7C /* CustomSizeViewController.swift */; };
		41501BE825D18AA700928E7C /* CustomSize.storyboard in Resources */ = {isa = PBXBuildFile; fileRef = 41501BE425D18AA600928E7C /* CustomSize.storyboard */; };
		41501BEF25D1B2FB00928E7C /* EventHandling.storyboard in Resources */ = {isa = PBXBuildFile; fileRef = 41501BEE25D1B2FB00928E7C /* EventHandling.storyboard */; };
		7518CA882C4923EE00F03126 /* NavigationViewController.swift in Sources */ = {isa = PBXBuildFile; fileRef = 7518CA872C4923EE00F03126 /* NavigationViewController.swift */; };
		7518CA8B2C4923FB00F03126 /* Navigation.storyboard in Resources */ = {isa = PBXBuildFile; fileRef = 7518CA892C4923FB00F03126 /* Navigation.storyboard */; };
		7518CA8F2C49277000F03126 /* DetailViewController.swift in Sources */ = {isa = PBXBuildFile; fileRef = 7518CA8E2C49277000F03126 /* DetailViewController.swift */; };
		A16DA837233B90E3000514FA /* AppDelegate.swift in Sources */ = {isa = PBXBuildFile; fileRef = A16DA836233B90E3000514FA /* AppDelegate.swift */; };
		A16DA83B233B90E3000514FA /* BasicViewController.swift in Sources */ = {isa = PBXBuildFile; fileRef = A16DA83A233B90E3000514FA /* BasicViewController.swift */; };
		A16DA83E233B90E3000514FA /* Basic.storyboard in Resources */ = {isa = PBXBuildFile; fileRef = A16DA83C233B90E3000514FA /* Basic.storyboard */; };
		A16DA840233B90E5000514FA /* Assets.xcassets in Resources */ = {isa = PBXBuildFile; fileRef = A16DA83F233B90E5000514FA /* Assets.xcassets */; };
		A16DA843233B90E5000514FA /* LaunchScreen.storyboard in Resources */ = {isa = PBXBuildFile; fileRef = A16DA841233B90E5000514FA /* LaunchScreen.storyboard */; };
		DC620EF4263FFDFB00CE8688 /* ShowStorylyViewController.swift in Sources */ = {isa = PBXBuildFile; fileRef = DC620EF3263FFDFB00CE8688 /* ShowStorylyViewController.swift */; };
		DC941B6E2645422800A2042B /* HideStoryly.storyboard in Resources */ = {isa = PBXBuildFile; fileRef = DC941B6D2645422800A2042B /* HideStoryly.storyboard */; };
		DC941B712645428400A2042B /* ShowStoryly.storyboard in Resources */ = {isa = PBXBuildFile; fileRef = DC941B702645428400A2042B /* ShowStoryly.storyboard */; };
		DCD96E6526415285001E823C /* HideStorylyViewController.swift in Sources */ = {isa = PBXBuildFile; fileRef = DCD96E6426415285001E823C /* HideStorylyViewController.swift */; };
/* End PBXBuildFile section */

/* Begin PBXFileReference section */
		3CB5F4E3423BEB3D0BA0629B /* Pods-StorylyDemo.debug.xcconfig */ = {isa = PBXFileReference; includeInIndex = 1; lastKnownFileType = text.xcconfig; name = "Pods-StorylyDemo.debug.xcconfig"; path = "Target Support Files/Pods-StorylyDemo/Pods-StorylyDemo.debug.xcconfig"; sourceTree = "<group>"; };
		4127AA3026B0A5E4004CDE30 /* Tokens.swift */ = {isa = PBXFileReference; lastKnownFileType = sourcecode.swift; path = Tokens.swift; sourceTree = "<group>"; };
		41501BDE25D18A2500928E7C /* EventHandlingViewController.swift */ = {isa = PBXFileReference; lastKnownFileType = sourcecode.swift; path = EventHandlingViewController.swift; sourceTree = "<group>"; };
		41501BE125D18AA600928E7C /* CustomSizeViewController.swift */ = {isa = PBXFileReference; fileEncoding = 4; lastKnownFileType = sourcecode.swift; path = CustomSizeViewController.swift; sourceTree = "<group>"; };
		41501BE425D18AA600928E7C /* CustomSize.storyboard */ = {isa = PBXFileReference; fileEncoding = 4; lastKnownFileType = file.storyboard; path = CustomSize.storyboard; sourceTree = "<group>"; };
		41501BEE25D1B2FB00928E7C /* EventHandling.storyboard */ = {isa = PBXFileReference; lastKnownFileType = file.storyboard; path = EventHandling.storyboard; sourceTree = "<group>"; };
		736369B3007CB8524D1E56A7 /* Pods_StorylyDemo.framework */ = {isa = PBXFileReference; explicitFileType = wrapper.framework; includeInIndex = 0; path = Pods_StorylyDemo.framework; sourceTree = BUILT_PRODUCTS_DIR; };
		7518CA872C4923EE00F03126 /* NavigationViewController.swift */ = {isa = PBXFileReference; fileEncoding = 4; lastKnownFileType = sourcecode.swift; path = NavigationViewController.swift; sourceTree = "<group>"; };
		7518CA8A2C4923FB00F03126 /* Base */ = {isa = PBXFileReference; lastKnownFileType = file.storyboard; name = Base; path = Base.lproj/Navigation.storyboard; sourceTree = "<group>"; };
		7518CA8E2C49277000F03126 /* DetailViewController.swift */ = {isa = PBXFileReference; lastKnownFileType = sourcecode.swift; path = DetailViewController.swift; sourceTree = "<group>"; };
		8796B38706767D0054280E24 /* Pods-StorylyDemo.release.xcconfig */ = {isa = PBXFileReference; includeInIndex = 1; lastKnownFileType = text.xcconfig; name = "Pods-StorylyDemo.release.xcconfig"; path = "Target Support Files/Pods-StorylyDemo/Pods-StorylyDemo.release.xcconfig"; sourceTree = "<group>"; };
		A16DA833233B90E3000514FA /* StorylyDemo.app */ = {isa = PBXFileReference; explicitFileType = wrapper.application; includeInIndex = 0; path = StorylyDemo.app; sourceTree = BUILT_PRODUCTS_DIR; };
		A16DA836233B90E3000514FA /* AppDelegate.swift */ = {isa = PBXFileReference; lastKnownFileType = sourcecode.swift; path = AppDelegate.swift; sourceTree = "<group>"; };
		A16DA83A233B90E3000514FA /* BasicViewController.swift */ = {isa = PBXFileReference; lastKnownFileType = sourcecode.swift; path = BasicViewController.swift; sourceTree = "<group>"; };
		A16DA83D233B90E3000514FA /* Base */ = {isa = PBXFileReference; lastKnownFileType = file.storyboard; name = Base; path = Base.lproj/Basic.storyboard; sourceTree = "<group>"; };
		A16DA83F233B90E5000514FA /* Assets.xcassets */ = {isa = PBXFileReference; lastKnownFileType = folder.assetcatalog; path = Assets.xcassets; sourceTree = "<group>"; };
		A16DA842233B90E5000514FA /* Base */ = {isa = PBXFileReference; lastKnownFileType = file.storyboard; name = Base; path = Base.lproj/LaunchScreen.storyboard; sourceTree = "<group>"; };
		A16DA844233B90E5000514FA /* Info.plist */ = {isa = PBXFileReference; lastKnownFileType = text.plist.xml; path = Info.plist; sourceTree = "<group>"; };
		DC620EF3263FFDFB00CE8688 /* ShowStorylyViewController.swift */ = {isa = PBXFileReference; lastKnownFileType = sourcecode.swift; path = ShowStorylyViewController.swift; sourceTree = "<group>"; };
		DC941B6D2645422800A2042B /* HideStoryly.storyboard */ = {isa = PBXFileReference; lastKnownFileType = file.storyboard; path = HideStoryly.storyboard; sourceTree = "<group>"; };
		DC941B702645428400A2042B /* ShowStoryly.storyboard */ = {isa = PBXFileReference; lastKnownFileType = file.storyboard; path = ShowStoryly.storyboard; sourceTree = "<group>"; };
		DCD96E6426415285001E823C /* HideStorylyViewController.swift */ = {isa = PBXFileReference; lastKnownFileType = sourcecode.swift; path = HideStorylyViewController.swift; sourceTree = "<group>"; };
/* End PBXFileReference section */

/* Begin PBXFrameworksBuildPhase section */
		A16DA830233B90E3000514FA /* Frameworks */ = {
			isa = PBXFrameworksBuildPhase;
			buildActionMask = 2147483647;
			files = (
				19C7686A8439D88F52D8372F /* Pods_StorylyDemo.framework in Frameworks */,
			);
			runOnlyForDeploymentPostprocessing = 0;
		};
/* End PBXFrameworksBuildPhase section */

/* Begin PBXGroup section */
		03C047DD1D9B5CE7CAF84B0F /* Pods */ = {
			isa = PBXGroup;
			children = (
				3CB5F4E3423BEB3D0BA0629B /* Pods-StorylyDemo.debug.xcconfig */,
				8796B38706767D0054280E24 /* Pods-StorylyDemo.release.xcconfig */,
			);
			path = Pods;
			sourceTree = "<group>";
		};
		41501BEB25D1B16F00928E7C /* Basic */ = {
			isa = PBXGroup;
			children = (
				A16DA83A233B90E3000514FA /* BasicViewController.swift */,
				A16DA83C233B90E3000514FA /* Basic.storyboard */,
			);
			path = Basic;
			sourceTree = "<group>";
		};
		41501BF125D1B30100928E7C /* EventHandling */ = {
			isa = PBXGroup;
			children = (
				41501BDE25D18A2500928E7C /* EventHandlingViewController.swift */,
				41501BEE25D1B2FB00928E7C /* EventHandling.storyboard */,
			);
			path = EventHandling;
			sourceTree = "<group>";
		};
		7518CA782C49215300F03126 /* Navigation */ = {
			isa = PBXGroup;
			children = (
				7518CA892C4923FB00F03126 /* Navigation.storyboard */,
				7518CA872C4923EE00F03126 /* NavigationViewController.swift */,
				7518CA8E2C49277000F03126 /* DetailViewController.swift */,
			);
			path = Navigation;
			sourceTree = "<group>";
		};
		A16DA82A233B90E3000514FA = {
			isa = PBXGroup;
			children = (
				A16DA835233B90E3000514FA /* StorylyDemo */,
				A16DA834233B90E3000514FA /* Products */,
				03C047DD1D9B5CE7CAF84B0F /* Pods */,
				FCDFECCC10AD456918056776 /* Frameworks */,
			);
			sourceTree = "<group>";
		};
		A16DA834233B90E3000514FA /* Products */ = {
			isa = PBXGroup;
			children = (
				A16DA833233B90E3000514FA /* StorylyDemo.app */,
			);
			name = Products;
			sourceTree = "<group>";
		};
		A16DA835233B90E3000514FA /* StorylyDemo */ = {
			isa = PBXGroup;
			children = (
				7518CA782C49215300F03126 /* Navigation */,
				41501BEB25D1B16F00928E7C /* Basic */,
				41501BF125D1B30100928E7C /* EventHandling */,
				DC620EE2263FFC9800CE8688 /* CustomSize */,
				DC620EE4263FFCBE00CE8688 /* UseCases */,
				A16DA836233B90E3000514FA /* AppDelegate.swift */,
				A16DA83F233B90E5000514FA /* Assets.xcassets */,
				A16DA841233B90E5000514FA /* LaunchScreen.storyboard */,
				A16DA844233B90E5000514FA /* Info.plist */,
				4127AA3026B0A5E4004CDE30 /* Tokens.swift */,
			);
			path = StorylyDemo;
			sourceTree = "<group>";
		};
		DC620EE2263FFC9800CE8688 /* CustomSize */ = {
			isa = PBXGroup;
			children = (
				41501BE425D18AA600928E7C /* CustomSize.storyboard */,
				41501BE125D18AA600928E7C /* CustomSizeViewController.swift */,
			);
			path = CustomSize;
			sourceTree = "<group>";
		};
		DC620EE4263FFCBE00CE8688 /* UseCases */ = {
			isa = PBXGroup;
			children = (
				DC620F002640245400CE8688 /* HideStoryly */,
				DC620EF2263FFDDD00CE8688 /* ShowStoryly */,
			);
			path = UseCases;
			sourceTree = "<group>";
		};
		DC620EF2263FFDDD00CE8688 /* ShowStoryly */ = {
			isa = PBXGroup;
			children = (
				DC620EF3263FFDFB00CE8688 /* ShowStorylyViewController.swift */,
				DC941B702645428400A2042B /* ShowStoryly.storyboard */,
			);
			path = ShowStoryly;
			sourceTree = "<group>";
		};
		DC620F002640245400CE8688 /* HideStoryly */ = {
			isa = PBXGroup;
			children = (
				DCD96E6426415285001E823C /* HideStorylyViewController.swift */,
				DC941B6D2645422800A2042B /* HideStoryly.storyboard */,
			);
			path = HideStoryly;
			sourceTree = "<group>";
		};
		FCDFECCC10AD456918056776 /* Frameworks */ = {
			isa = PBXGroup;
			children = (
				736369B3007CB8524D1E56A7 /* Pods_StorylyDemo.framework */,
			);
			name = Frameworks;
			sourceTree = "<group>";
		};
/* End PBXGroup section */

/* Begin PBXNativeTarget section */
		A16DA832233B90E3000514FA /* StorylyDemo */ = {
			isa = PBXNativeTarget;
			buildConfigurationList = A16DA847233B90E5000514FA /* Build configuration list for PBXNativeTarget "StorylyDemo" */;
			buildPhases = (
				96A5D3D64A9D4D667076609E /* [CP] Check Pods Manifest.lock */,
				A16DA82F233B90E3000514FA /* Sources */,
				A16DA830233B90E3000514FA /* Frameworks */,
				A16DA831233B90E3000514FA /* Resources */,
				EE60CE8D63CDD5DE1F5DBD02 /* [CP] Embed Pods Frameworks */,
			);
			buildRules = (
			);
			dependencies = (
			);
			name = StorylyDemo;
			productName = StorylyDemo;
			productReference = A16DA833233B90E3000514FA /* StorylyDemo.app */;
			productType = "com.apple.product-type.application";
		};
/* End PBXNativeTarget section */

/* Begin PBXProject section */
		A16DA82B233B90E3000514FA /* Project object */ = {
			isa = PBXProject;
			attributes = {
				LastSwiftUpdateCheck = 1100;
				LastUpgradeCheck = 1100;
				ORGANIZATIONNAME = "App Samurai Inc.";
				TargetAttributes = {
					A16DA832233B90E3000514FA = {
						CreatedOnToolsVersion = 11.0;
					};
				};
			};
			buildConfigurationList = A16DA82E233B90E3000514FA /* Build configuration list for PBXProject "StorylyDemo" */;
			compatibilityVersion = "Xcode 9.3";
			developmentRegion = en;
			hasScannedForEncodings = 0;
			knownRegions = (
				en,
				Base,
			);
			mainGroup = A16DA82A233B90E3000514FA;
			productRefGroup = A16DA834233B90E3000514FA /* Products */;
			projectDirPath = "";
			projectRoot = "";
			targets = (
				A16DA832233B90E3000514FA /* StorylyDemo */,
			);
		};
/* End PBXProject section */

/* Begin PBXResourcesBuildPhase section */
		A16DA831233B90E3000514FA /* Resources */ = {
			isa = PBXResourcesBuildPhase;
			buildActionMask = 2147483647;
			files = (
				A16DA843233B90E5000514FA /* LaunchScreen.storyboard in Resources */,
				A16DA840233B90E5000514FA /* Assets.xcassets in Resources */,
				DC941B6E2645422800A2042B /* HideStoryly.storyboard in Resources */,
				A16DA83E233B90E3000514FA /* Basic.storyboard in Resources */,
				DC941B712645428400A2042B /* ShowStoryly.storyboard in Resources */,
				41501BE825D18AA700928E7C /* CustomSize.storyboard in Resources */,
				41501BEF25D1B2FB00928E7C /* EventHandling.storyboard in Resources */,
				7518CA8B2C4923FB00F03126 /* Navigation.storyboard in Resources */,
			);
			runOnlyForDeploymentPostprocessing = 0;
		};
/* End PBXResourcesBuildPhase section */

/* Begin PBXShellScriptBuildPhase section */
		96A5D3D64A9D4D667076609E /* [CP] Check Pods Manifest.lock */ = {
			isa = PBXShellScriptBuildPhase;
			buildActionMask = 2147483647;
			files = (
			);
			inputFileListPaths = (
			);
			inputPaths = (
				"${PODS_PODFILE_DIR_PATH}/Podfile.lock",
				"${PODS_ROOT}/Manifest.lock",
			);
			name = "[CP] Check Pods Manifest.lock";
			outputFileListPaths = (
			);
			outputPaths = (
				"$(DERIVED_FILE_DIR)/Pods-StorylyDemo-checkManifestLockResult.txt",
			);
			runOnlyForDeploymentPostprocessing = 0;
			shellPath = /bin/sh;
			shellScript = "diff \"${PODS_PODFILE_DIR_PATH}/Podfile.lock\" \"${PODS_ROOT}/Manifest.lock\" > /dev/null\nif [ $? != 0 ] ; then\n    # print error to STDERR\n    echo \"error: The sandbox is not in sync with the Podfile.lock. Run 'pod install' or update your CocoaPods installation.\" >&2\n    exit 1\nfi\n# This output is used by Xcode 'outputs' to avoid re-running this script phase.\necho \"SUCCESS\" > \"${SCRIPT_OUTPUT_FILE_0}\"\n";
			showEnvVarsInLog = 0;
		};
		EE60CE8D63CDD5DE1F5DBD02 /* [CP] Embed Pods Frameworks */ = {
			isa = PBXShellScriptBuildPhase;
			buildActionMask = 2147483647;
			files = (
			);
			inputFileListPaths = (
				"${PODS_ROOT}/Target Support Files/Pods-StorylyDemo/Pods-StorylyDemo-frameworks-${CONFIGURATION}-input-files.xcfilelist",
			);
			name = "[CP] Embed Pods Frameworks";
			outputFileListPaths = (
				"${PODS_ROOT}/Target Support Files/Pods-StorylyDemo/Pods-StorylyDemo-frameworks-${CONFIGURATION}-output-files.xcfilelist",
			);
			runOnlyForDeploymentPostprocessing = 0;
			shellPath = /bin/sh;
			shellScript = "\"${PODS_ROOT}/Target Support Files/Pods-StorylyDemo/Pods-StorylyDemo-frameworks.sh\"\n";
			showEnvVarsInLog = 0;
		};
/* End PBXShellScriptBuildPhase section */

/* Begin PBXSourcesBuildPhase section */
		A16DA82F233B90E3000514FA /* Sources */ = {
			isa = PBXSourcesBuildPhase;
			buildActionMask = 2147483647;
			files = (
				7518CA882C4923EE00F03126 /* NavigationViewController.swift in Sources */,
				7518CA8F2C49277000F03126 /* DetailViewController.swift in Sources */,
				A16DA83B233B90E3000514FA /* BasicViewController.swift in Sources */,
				41501BDF25D18A2500928E7C /* EventHandlingViewController.swift in Sources */,
				DC620EF4263FFDFB00CE8688 /* ShowStorylyViewController.swift in Sources */,
				41501BE525D18AA700928E7C /* CustomSizeViewController.swift in Sources */,
				A16DA837233B90E3000514FA /* AppDelegate.swift in Sources */,
				DCD96E6526415285001E823C /* HideStorylyViewController.swift in Sources */,
				4127AA3126B0A5E4004CDE30 /* Tokens.swift in Sources */,
			);
			runOnlyForDeploymentPostprocessing = 0;
		};
/* End PBXSourcesBuildPhase section */

/* Begin PBXVariantGroup section */
		7518CA892C4923FB00F03126 /* Navigation.storyboard */ = {
			isa = PBXVariantGroup;
			children = (
				7518CA8A2C4923FB00F03126 /* Base */,
			);
			name = Navigation.storyboard;
			sourceTree = "<group>";
		};
		A16DA83C233B90E3000514FA /* Basic.storyboard */ = {
			isa = PBXVariantGroup;
			children = (
				A16DA83D233B90E3000514FA /* Base */,
			);
			name = Basic.storyboard;
			sourceTree = "<group>";
		};
		A16DA841233B90E5000514FA /* LaunchScreen.storyboard */ = {
			isa = PBXVariantGroup;
			children = (
				A16DA842233B90E5000514FA /* Base */,
			);
			name = LaunchScreen.storyboard;
			sourceTree = "<group>";
		};
/* End PBXVariantGroup section */

/* Begin XCBuildConfiguration section */
		A16DA845233B90E5000514FA /* Debug */ = {
			isa = XCBuildConfiguration;
			buildSettings = {
				ALWAYS_SEARCH_USER_PATHS = NO;
				CLANG_ANALYZER_NONNULL = YES;
				CLANG_ANALYZER_NUMBER_OBJECT_CONVERSION = YES_AGGRESSIVE;
				CLANG_CXX_LANGUAGE_STANDARD = "gnu++14";
				CLANG_CXX_LIBRARY = "libc++";
				CLANG_ENABLE_MODULES = YES;
				CLANG_ENABLE_OBJC_ARC = YES;
				CLANG_ENABLE_OBJC_WEAK = YES;
				CLANG_WARN_BLOCK_CAPTURE_AUTORELEASING = YES;
				CLANG_WARN_BOOL_CONVERSION = YES;
				CLANG_WARN_COMMA = YES;
				CLANG_WARN_CONSTANT_CONVERSION = YES;
				CLANG_WARN_DEPRECATED_OBJC_IMPLEMENTATIONS = YES;
				CLANG_WARN_DIRECT_OBJC_ISA_USAGE = YES_ERROR;
				CLANG_WARN_DOCUMENTATION_COMMENTS = YES;
				CLANG_WARN_EMPTY_BODY = YES;
				CLANG_WARN_ENUM_CONVERSION = YES;
				CLANG_WARN_INFINITE_RECURSION = YES;
				CLANG_WARN_INT_CONVERSION = YES;
				CLANG_WARN_NON_LITERAL_NULL_CONVERSION = YES;
				CLANG_WARN_OBJC_IMPLICIT_RETAIN_SELF = YES;
				CLANG_WARN_OBJC_LITERAL_CONVERSION = YES;
				CLANG_WARN_OBJC_ROOT_CLASS = YES_ERROR;
				CLANG_WARN_RANGE_LOOP_ANALYSIS = YES;
				CLANG_WARN_STRICT_PROTOTYPES = YES;
				CLANG_WARN_SUSPICIOUS_MOVE = YES;
				CLANG_WARN_UNGUARDED_AVAILABILITY = YES_AGGRESSIVE;
				CLANG_WARN_UNREACHABLE_CODE = YES;
				CLANG_WARN__DUPLICATE_METHOD_MATCH = YES;
				COPY_PHASE_STRIP = NO;
				DEBUG_INFORMATION_FORMAT = dwarf;
				ENABLE_STRICT_OBJC_MSGSEND = YES;
				ENABLE_TESTABILITY = YES;
				GCC_C_LANGUAGE_STANDARD = gnu11;
				GCC_DYNAMIC_NO_PIC = NO;
				GCC_NO_COMMON_BLOCKS = YES;
				GCC_OPTIMIZATION_LEVEL = 0;
				GCC_PREPROCESSOR_DEFINITIONS = (
					"DEBUG=1",
					"$(inherited)",
				);
				GCC_WARN_64_TO_32_BIT_CONVERSION = YES;
				GCC_WARN_ABOUT_RETURN_TYPE = YES_ERROR;
				GCC_WARN_UNDECLARED_SELECTOR = YES;
				GCC_WARN_UNINITIALIZED_AUTOS = YES_AGGRESSIVE;
				GCC_WARN_UNUSED_FUNCTION = YES;
				GCC_WARN_UNUSED_VARIABLE = YES;
				IPHONEOS_DEPLOYMENT_TARGET = 14.0;
				MTL_ENABLE_DEBUG_INFO = INCLUDE_SOURCE;
				MTL_FAST_MATH = YES;
				ONLY_ACTIVE_ARCH = YES;
				SDKROOT = iphoneos;
				SWIFT_ACTIVE_COMPILATION_CONDITIONS = DEBUG;
				SWIFT_OPTIMIZATION_LEVEL = "-Onone";
			};
			name = Debug;
		};
		A16DA846233B90E5000514FA /* Release */ = {
			isa = XCBuildConfiguration;
			buildSettings = {
				ALWAYS_SEARCH_USER_PATHS = NO;
				CLANG_ANALYZER_NONNULL = YES;
				CLANG_ANALYZER_NUMBER_OBJECT_CONVERSION = YES_AGGRESSIVE;
				CLANG_CXX_LANGUAGE_STANDARD = "gnu++14";
				CLANG_CXX_LIBRARY = "libc++";
				CLANG_ENABLE_MODULES = YES;
				CLANG_ENABLE_OBJC_ARC = YES;
				CLANG_ENABLE_OBJC_WEAK = YES;
				CLANG_WARN_BLOCK_CAPTURE_AUTORELEASING = YES;
				CLANG_WARN_BOOL_CONVERSION = YES;
				CLANG_WARN_COMMA = YES;
				CLANG_WARN_CONSTANT_CONVERSION = YES;
				CLANG_WARN_DEPRECATED_OBJC_IMPLEMENTATIONS = YES;
				CLANG_WARN_DIRECT_OBJC_ISA_USAGE = YES_ERROR;
				CLANG_WARN_DOCUMENTATION_COMMENTS = YES;
				CLANG_WARN_EMPTY_BODY = YES;
				CLANG_WARN_ENUM_CONVERSION = YES;
				CLANG_WARN_INFINITE_RECURSION = YES;
				CLANG_WARN_INT_CONVERSION = YES;
				CLANG_WARN_NON_LITERAL_NULL_CONVERSION = YES;
				CLANG_WARN_OBJC_IMPLICIT_RETAIN_SELF = YES;
				CLANG_WARN_OBJC_LITERAL_CONVERSION = YES;
				CLANG_WARN_OBJC_ROOT_CLASS = YES_ERROR;
				CLANG_WARN_RANGE_LOOP_ANALYSIS = YES;
				CLANG_WARN_STRICT_PROTOTYPES = YES;
				CLANG_WARN_SUSPICIOUS_MOVE = YES;
				CLANG_WARN_UNGUARDED_AVAILABILITY = YES_AGGRESSIVE;
				CLANG_WARN_UNREACHABLE_CODE = YES;
				CLANG_WARN__DUPLICATE_METHOD_MATCH = YES;
				COPY_PHASE_STRIP = NO;
				DEBUG_INFORMATION_FORMAT = "dwarf-with-dsym";
				ENABLE_NS_ASSERTIONS = NO;
				ENABLE_STRICT_OBJC_MSGSEND = YES;
				GCC_C_LANGUAGE_STANDARD = gnu11;
				GCC_NO_COMMON_BLOCKS = YES;
				GCC_WARN_64_TO_32_BIT_CONVERSION = YES;
				GCC_WARN_ABOUT_RETURN_TYPE = YES_ERROR;
				GCC_WARN_UNDECLARED_SELECTOR = YES;
				GCC_WARN_UNINITIALIZED_AUTOS = YES_AGGRESSIVE;
				GCC_WARN_UNUSED_FUNCTION = YES;
				GCC_WARN_UNUSED_VARIABLE = YES;
				IPHONEOS_DEPLOYMENT_TARGET = 14.0;
				MTL_ENABLE_DEBUG_INFO = NO;
				MTL_FAST_MATH = YES;
				SDKROOT = iphoneos;
				SWIFT_COMPILATION_MODE = wholemodule;
				SWIFT_OPTIMIZATION_LEVEL = "-O";
				VALIDATE_PRODUCT = YES;
			};
			name = Release;
		};
		A16DA848233B90E5000514FA /* Debug */ = {
			isa = XCBuildConfiguration;
			baseConfigurationReference = 3CB5F4E3423BEB3D0BA0629B /* Pods-StorylyDemo.debug.xcconfig */;
			buildSettings = {
				ASSETCATALOG_COMPILER_APPICON_NAME = AppIcon;
				BITCIDE_GENERATION_MODE = marker;
				CODE_SIGN_STYLE = Automatic;
				DEVELOPMENT_TEAM = 6M3HAPKN9X;
				INFOPLIST_FILE = StorylyDemo/Info.plist;
				IPHONEOS_DEPLOYMENT_TARGET = 14.0;
				LD_RUNPATH_SEARCH_PATHS = (
					"$(inherited)",
					"@executable_path/Frameworks",
				);
				OTHER_CFLAGS = "-fembed-bitcode-marker";
				PRODUCT_BUNDLE_IDENTIFIER = com.appsamurai.storyly.StorylyDemo;
				PRODUCT_NAME = "$(TARGET_NAME)";
				SWIFT_VERSION = 5.0;
				TARGETED_DEVICE_FAMILY = "1,2";
			};
			name = Debug;
		};
		A16DA849233B90E5000514FA /* Release */ = {
			isa = XCBuildConfiguration;
			baseConfigurationReference = 8796B38706767D0054280E24 /* Pods-StorylyDemo.release.xcconfig */;
			buildSettings = {
				ASSETCATALOG_COMPILER_APPICON_NAME = AppIcon;
				BITCIDE_GENERATION_MODE = bitcode;
				CODE_SIGN_STYLE = Automatic;
				DEVELOPMENT_TEAM = 6M3HAPKN9X;
				INFOPLIST_FILE = StorylyDemo/Info.plist;
				IPHONEOS_DEPLOYMENT_TARGET = 14.0;
				LD_RUNPATH_SEARCH_PATHS = (
					"$(inherited)",
					"@executable_path/Frameworks",
				);
				OTHER_CFLAGS = "-fembed-bitcode";
				PRODUCT_BUNDLE_IDENTIFIER = com.appsamurai.storyly.StorylyDemo;
				PRODUCT_NAME = "$(TARGET_NAME)";
				SWIFT_VERSION = 5.0;
				TARGETED_DEVICE_FAMILY = "1,2";
			};
			name = Release;
		};
/* End XCBuildConfiguration section */

/* Begin XCConfigurationList section */
		A16DA82E233B90E3000514FA /* Build configuration list for PBXProject "StorylyDemo" */ = {
			isa = XCConfigurationList;
			buildConfigurations = (
				A16DA845233B90E5000514FA /* Debug */,
				A16DA846233B90E5000514FA /* Release */,
			);
			defaultConfigurationIsVisible = 0;
			defaultConfigurationName = Release;
		};
		A16DA847233B90E5000514FA /* Build configuration list for PBXNativeTarget "StorylyDemo" */ = {
			isa = XCConfigurationList;
			buildConfigurations = (
				A16DA848233B90E5000514FA /* Debug */,
				A16DA849233B90E5000514FA /* Release */,
			);
			defaultConfigurationIsVisible = 0;
			defaultConfigurationName = Release;
		};
/* End XCConfigurationList section */
	};
	rootObject = A16DA82B233B90E3000514FA /* Project object */;
}
