// !$*UTF8*$!
{
	archiveVersion = 1;
	classes = {
	};
	objectVersion = 56;
	objects = {

/* Begin PBXBuildFile section */
		1A00000000000000000000E1 /* AppDelegate.swift in Sources */ = {isa = PBXBuildFile; fileRef = 1A00000000000000000000D1 /* AppDelegate.swift */; };
		1A00000000000000000000E2 /* SceneDelegate.swift in Sources */ = {isa = PBXBuildFile; fileRef = 1A00000000000000000000D2 /* SceneDelegate.swift */; };
		1A00000000000000000000E3 /* ViewController.swift in Sources */ = {isa = PBXBuildFile; fileRef = 1A00000000000000000000D3 /* ViewController.swift */; };
		1A00000000000000000000E4 /* Assets.xcassets in Resources */ = {isa = PBXBuildFile; fileRef = 1A00000000000000000000D4 /* Assets.xcassets */; };
		1A00000000000000000000E5 /* Main.storyboard in Resources */ = {isa = PBXBuildFile; fileRef = 1A00000000000000000000D8 /* Main.storyboard */; };
		1A00000000000000000000E6 /* LaunchScreen.storyboard in Resources */ = {isa = PBXBuildFile; fileRef = 1A00000000000000000000D9 /* LaunchScreen.storyboard */; };
		1A00000000000000000000E7 /* Storyly in Frameworks */ = {isa = PBXBuildFile; productRef = 1A00000000000000000000F2 /* Storyly */; };
/* End PBXBuildFile section */

/* Begin PBXFileReference section */
		1A00000000000000000000C4 /* StorylyTwilioIntegrationSample.app */ = {isa = PBXFileReference; explicitFileType = wrapper.application; includeInIndex = 0; path = StorylyTwilioIntegrationSample.app; sourceTree = BUILT_PRODUCTS_DIR; };
		1A00000000000000000000D1 /* AppDelegate.swift */ = {isa = PBXFileReference; lastKnownFileType = sourcecode.swift; path = AppDelegate.swift; sourceTree = "<group>"; };
		1A00000000000000000000D2 /* SceneDelegate.swift */ = {isa = PBXFileReference; lastKnownFileType = sourcecode.swift; path = SceneDelegate.swift; sourceTree = "<group>"; };
		1A00000000000000000000D3 /* ViewController.swift */ = {isa = PBXFileReference; lastKnownFileType = sourcecode.swift; path = ViewController.swift; sourceTree = "<group>"; };
		1A00000000000000000000D4 /* Assets.xcassets */ = {isa = PBXFileReference; lastKnownFileType = folder.assetcatalog; path = Assets.xcassets; sourceTree = "<group>"; };
		1A00000000000000000000D5 /* Info.plist */ = {isa = PBXFileReference; lastKnownFileType = text.plist.xml; path = Info.plist; sourceTree = "<group>"; };
		1A00000000000000000000D6 /* Base */ = {isa = PBXFileReference; lastKnownFileType = file.storyboard; name = Base; path = Base.lproj/Main.storyboard; sourceTree = "<group>"; };
		1A00000000000000000000D7 /* Base */ = {isa = PBXFileReference; lastKnownFileType = file.storyboard; name = Base; path = Base.lproj/LaunchScreen.storyboard; sourceTree = "<group>"; };
/* End PBXFileReference section */

/* Begin PBXFrameworksBuildPhase section */
		1A00000000000000000000C2 /* Frameworks */ = {
			isa = PBXFrameworksBuildPhase;
			buildActionMask = 2147483647;
			files = (
				1A00000000000000000000E7 /* Storyly in Frameworks */,
			);
			runOnlyForDeploymentPostprocessing = 0;
		};
/* End PBXFrameworksBuildPhase section */

/* Begin PBXGroup section */
		1A00000000000000000000A2 = {
			isa = PBXGroup;
			children = (
				1A00000000000000000000A4 /* StorylyTwilioIntegrationSample */,
				1A00000000000000000000A3 /* Products */,
				1A00000000000000000000A5 /* Frameworks */,
			);
			sourceTree = "<group>";
		};
		1A00000000000000000000A3 /* Products */ = {
			isa = PBXGroup;
			children = (
				1A00000000000000000000C4 /* StorylyTwilioIntegrationSample.app */,
			);
			name = Products;
			sourceTree = "<group>";
		};
		1A00000000000000000000A4 /* StorylyTwilioIntegrationSample */ = {
			isa = PBXGroup;
			children = (
				1A00000000000000000000D1 /* AppDelegate.swift */,
				1A00000000000000000000D2 /* SceneDelegate.swift */,
				1A00000000000000000000D3 /* ViewController.swift */,
				1A00000000000000000000D8 /* Main.storyboard */,
				1A00000000000000000000D4 /* Assets.xcassets */,
				1A00000000000000000000D9 /* LaunchScreen.storyboard */,
				1A00000000000000000000D5 /* Info.plist */,
			);
			path = StorylyTwilioIntegrationSample;
			sourceTree = "<group>";
		};
		1A00000000000000000000A5 /* Frameworks */ = {
			isa = PBXGroup;
			children = (
			);
			name = Frameworks;
			sourceTree = "<group>";
		};
/* End PBXGroup section */

/* Begin PBXNativeTarget section */
		1A00000000000000000000C0 /* StorylyTwilioIntegrationSample */ = {
			isa = PBXNativeTarget;
			buildConfigurationList = 1A00000000000000000000B3 /* Build configuration list for PBXNativeTarget "StorylyTwilioIntegrationSample" */;
			buildPhases = (
				1A00000000000000000000C1 /* Sources */,
				1A00000000000000000000C2 /* Frameworks */,
				1A00000000000000000000C3 /* Resources */,
			);
			buildRules = (
			);
			dependencies = (
			);
			name = StorylyTwilioIntegrationSample;
			packageProductDependencies = (
				1A00000000000000000000F2 /* Storyly */,
			);
			productName = StorylyTwilioIntegrationSample;
			productReference = 1A00000000000000000000C4 /* StorylyTwilioIntegrationSample.app */;
			productType = "com.apple.product-type.application";
		};
/* End PBXNativeTarget section */

/* Begin PBXProject section */
		1A00000000000000000000A1 /* Project object */ = {
			isa = PBXProject;
			attributes = {
				BuildIndependentTargetsInParallel = 1;
				LastSwiftUpdateCheck = 1520;
				LastUpgradeCheck = 1520;
				TargetAttributes = {
					1A00000000000000000000C0 = {
						CreatedOnToolsVersion = 15.2;
					};
				};
			};
			buildConfigurationList = 1A00000000000000000000B0 /* Build configuration list for PBXProject "StorylyTwilioIntegrationSample" */;
			compatibilityVersion = "Xcode 14.0";
			developmentRegion = en;
			hasScannedForEncodings = 0;
			knownRegions = (
				en,
				Base,
			);
			mainGroup = 1A00000000000000000000A2;
			packageReferences = (
				1A00000000000000000000F1 /* XCRemoteSwiftPackageReference "storyly-ios" */,
			);
			productRefGroup = 1A00000000000000000000A3 /* Products */;
			projectDirPath = "";
			projectRoot = "";
			targets = (
				1A00000000000000000000C0 /* StorylyTwilioIntegrationSample */,
			);
		};
/* End PBXProject section */

/* Begin PBXResourcesBuildPhase section */
		1A00000000000000000000C3 /* Resources */ = {
			isa = PBXResourcesBuildPhase;
			buildActionMask = 2147483647;
			files = (
				1A00000000000000000000E5 /* Main.storyboard in Resources */,
				1A00000000000000000000E4 /* Assets.xcassets in Resources */,
				1A00000000000000000000E6 /* LaunchScreen.storyboard in Resources */,
			);
			runOnlyForDeploymentPostprocessing = 0;
		};
/* End PBXResourcesBuildPhase section */

/* Begin PBXSourcesBuildPhase section */
		1A00000000000000000000C1 /* Sources */ = {
			isa = PBXSourcesBuildPhase;
			buildActionMask = 2147483647;
			files = (
				1A00000000000000000000E3 /* ViewController.swift in Sources */,
				1A00000000000000000000E1 /* AppDelegate.swift in Sources */,
				1A00000000000000000000E2 /* SceneDelegate.swift in Sources */,
			);
			runOnlyForDeploymentPostprocessing = 0;
		};
/* End PBXSourcesBuildPhase section */

/* Begin PBXVariantGroup section */
		1A00000000000000000000D8 /* Main.storyboard */ = {
			isa = PBXVariantGroup;
			children = (
				1A00000000000000000000D6 /* Base */,
			);
			name = Main.storyboard;
			sourceTree = "<group>";
		};
		1A00000000000000000000D9 /* LaunchScreen.storyboard */ = {
			isa = PBXVariantGroup;
			children = (
				1A00000000000000000000D7 /* Base */,
			);
			name = LaunchScreen.storyboard;
			sourceTree = "<group>";
		};
/* End PBXVariantGroup section */

/* Begin XCBuildConfiguration section */
		1A00000000000000000000B1 /* Debug */ = {
			isa = XCBuildConfiguration;
			buildSettings = {
				ALWAYS_SEARCH_USER_PATHS = NO;
				CLANG_ANALYZER_NONNULL = YES;
				CLANG_ANALYZER_NUMBER_OBJECT_CONVERSION = YES_AGGRESSIVE;
				CLANG_CXX_LANGUAGE_STANDARD = "gnu++20";
				CLANG_ENABLE_MODULES = YES;
				CLANG_ENABLE_OBJC_ARC = YES;
				CLANG_ENABLE_OBJC_WEAK = YES;
				CLANG_WARN_BLOCK_CAPTURE_AUTORELEASING = YES;
				CLANG_WARN_BOOL_CONVERSION = YES;
				CLANG_WARN_COMMA = YES;
				CLANG_WARN_CONSTANT_CONVERSION = YES;
				CLANG_WARN_DEPRECATED_OBJC_IMPLEMENTATIONS = YES;
				CLANG_WARN_DIRECT_OBJC_ISA_USAGE = YES_ERROR;
				CLANG_WARN_DOCUMENTATION_COMMENTS = YES;
				CLANG_WARN_EMPTY_BODY = YES;
				CLANG_WARN_ENUM_CONVERSION = YES;
				CLANG_WARN_INFINITE_RECURSION = YES;
				CLANG_WARN_INT_CONVERSION = YES;
				CLANG_WARN_NON_LITERAL_NULL_CONVERSION = YES;
				CLANG_WARN_OBJC_IMPLICIT_RETAIN_SELF = YES;
				CLANG_WARN_OBJC_LITERAL_CONVERSION = YES;
				CLANG_WARN_OBJC_ROOT_CLASS = YES_ERROR;
				CLANG_WARN_QUOTED_INCLUDE_IN_FRAMEWORK_HEADER = YES;
				CLANG_WARN_RANGE_LOOP_ANALYSIS = YES;
				CLANG_WARN_STRICT_PROTOTYPES = YES;
				CLANG_WARN_SUSPICIOUS_MOVE = YES;
				CLANG_WARN_UNGUARDED_AVAILABILITY = YES_AGGRESSIVE;
				CLANG_WARN_UNREACHABLE_CODE = YES;
				CLANG_WARN__DUPLICATE_METHOD_MATCH = YES;
				COPY_PHASE_STRIP = NO;
				DEBUG_INFORMATION_FORMAT = dwarf;
				ENABLE_STRICT_OBJC_MSGSEND = YES;
				ENABLE_TESTABILITY = YES;
				ENABLE_USER_SCRIPT_SANDBOXING = YES;
				GCC_C_LANGUAGE_STANDARD = gnu17;
				GCC_DYNAMIC_NO_PIC = NO;
				GCC_NO_COMMON_BLOCKS = YES;
				GCC_OPTIMIZATION_LEVEL = 0;
				GCC_PREPROCESSOR_DEFINITIONS = (
					"DEBUG=1",
					"$(inherited)",
				);
				GCC_WARN_64_TO_32_BIT_CONVERSION = YES;
				GCC_WARN_ABOUT_RETURN_TYPE = YES_ERROR;
				GCC_WARN_UNDECLARED_SELECTOR = YES;
				GCC_WARN_UNINITIALIZED_AUTOS = YES_AGGRESSIVE;
				GCC_WARN_UNUSED_FUNCTION = YES;
				GCC_WARN_UNUSED_VARIABLE = YES;
				IPHONEOS_DEPLOYMENT_TARGET = 14.0;
				LOCALIZATION_PREFERS_STRING_CATALOGS = YES;
				MTL_ENABLE_DEBUG_INFO = INCLUDE_SOURCE;
				MTL_FAST_MATH = YES;
				ONLY_ACTIVE_ARCH = YES;
				SDKROOT = iphoneos;
				SWIFT_ACTIVE_COMPILATION_CONDITIONS = "DEBUG $(inherited)";
				SWIFT_OPTIMIZATION_LEVEL = "-Onone";
			};
			name = Debug;
		};
		1A00000000000000000000B2 /* Release */ = {
			isa = XCBuildConfiguration;
			buildSettings = {
				ALWAYS_SEARCH_USER_PATHS = NO;
				CLANG_ANALYZER_NONNULL = YES;
				CLANG_ANALYZER_NUMBER_OBJECT_CONVERSION = YES_AGGRESSIVE;
				CLANG_CXX_LANGUAGE_STANDARD = "gnu++20";
				CLANG_ENABLE_MODULES = YES;
				CLANG_ENABLE_OBJC_ARC = YES;
				CLANG_ENABLE_OBJC_WEAK = YES;
				CLANG_WARN_BLOCK_CAPTURE_AUTORELEASING = YES;
				CLANG_WARN_BOOL_CONVERSION = YES;
				CLANG_WARN_COMMA = YES;
				CLANG_WARN_CONSTANT_CONVERSION = YES;
				CLANG_WARN_DEPRECATED_OBJC_IMPLEMENTATIONS = YES;
				CLANG_WARN_DIRECT_OBJC_ISA_USAGE = YES_ERROR;
				CLANG_WARN_DOCUMENTATION_COMMENTS = YES;
				CLANG_WARN_EMPTY_BODY = YES;
				CLANG_WARN_ENUM_CONVERSION = YES;
				CLANG_WARN_INFINITE_RECURSION = YES;
				CLANG_WARN_INT_CONVERSION = YES;
				CLANG_WARN_NON_LITERAL_NULL_CONVERSION = YES;
				CLANG_WARN_OBJC_IMPLICIT_RETAIN_SELF = YES;
				CLANG_WARN_OBJC_LITERAL_CONVERSION = YES;
				CLANG_WARN_OBJC_ROOT_CLASS = YES_ERROR;
				CLANG_WARN_QUOTED_INCLUDE_IN_FRAMEWORK_HEADER = YES;
				CLANG_WARN_RANGE_LOOP_ANALYSIS = YES;
				CLANG_WARN_STRICT_PROTOTYPES = YES;
				CLANG_WARN_SUSPICIOUS_MOVE = YES;
				CLANG_WARN_UNGUARDED_AVAILABILITY = YES_AGGRESSIVE;
				CLANG_WARN_UNREACHABLE_CODE = YES;
				CLANG_WARN__DUPLICATE_METHOD_MATCH = YES;
				COPY_PHASE_STRIP = NO;
				DEBUG_INFORMATION_FORMAT = "dwarf-with-dsym";
				ENABLE_NS_ASSERTIONS = NO;
				ENABLE_STRICT_OBJC_MSGSEND = YES;
				ENABLE_USER_SCRIPT_SANDBOXING = YES;
				GCC_C_LANGUAGE_STANDARD = gnu17;
				GCC_NO_COMMON_BLOCKS = YES;
				GCC_WARN_64_TO_32_BIT_CONVERSION = YES;
				GCC_WARN_ABOUT_RETURN_TYPE = YES_ERROR;
				GCC_WARN_UNDECLARED_SELECTOR = YES;
				GCC_WARN_UNINITIALIZED_AUTOS = YES_AGGRESSIVE;
				GCC_WARN_UNUSED_FUNCTION = YES;
				GCC_WARN_UNUSED_VARIABLE = YES;
				IPHONEOS_DEPLOYMENT_TARGET = 14.0;
				LOCALIZATION_PREFERS_STRING_CATALOGS = YES;
				MTL_ENABLE_DEBUG_INFO = NO;
				MTL_FAST_MATH = YES;
				SDKROOT = iphoneos;
				SWIFT_COMPILATION_MODE = wholemodule;
				VALIDATE_PRODUCT = YES;
			};
			name = Release;
		};
		1A00000000000000000000B4 /* Debug */ = {
			isa = XCBuildConfiguration;
			buildSettings = {
				ASSETCATALOG_COMPILER_APPICON_NAME = AppIcon;
				ASSETCATALOG_COMPILER_GLOBAL_ACCENT_COLOR_NAME = AccentColor;
				CODE_SIGN_STYLE = Automatic;
				CURRENT_PROJECT_VERSION = 1;
				GENERATE_INFOPLIST_FILE = NO;
				INFOPLIST_FILE = StorylyTwilioIntegrationSample/Info.plist;
				INFOPLIST_KEY_UIMainStoryboardFile = Main;
				LD_RUNPATH_SEARCH_PATHS = (
					"$(inherited)",
					"@executable_path/Frameworks",
				);
				MARKETING_VERSION = 1.0;
				PRODUCT_BUNDLE_IDENTIFIER = com.appsamurai.StorylyTwilioIntegrationSample;
				PRODUCT_NAME = "$(TARGET_NAME)";
				SWIFT_EMIT_LOC_STRINGS = YES;
				SWIFT_VERSION = 5.0;
				TARGETED_DEVICE_FAMILY = "1,2";
			};
			name = Debug;
		};
		1A00000000000000000000B5 /* Release */ = {
			isa = XCBuildConfiguration;
			buildSettings = {
				ASSETCATALOG_COMPILER_APPICON_NAME = AppIcon;
				ASSETCATALOG_COMPILER_GLOBAL_ACCENT_COLOR_NAME = AccentColor;
				CODE_SIGN_STYLE = Automatic;
				CURRENT_PROJECT_VERSION = 1;
				GENERATE_INFOPLIST_FILE = NO;
				INFOPLIST_FILE = StorylyTwilioIntegrationSample/Info.plist;
				INFOPLIST_KEY_UIMainStoryboardFile = Main;
				LD_RUNPATH_SEARCH_PATHS = (
					"$(inherited)",
					"@executable_path/Frameworks",
				);
				MARKETING_VERSION = 1.0;
				PRODUCT_BUNDLE_IDENTIFIER = com.appsamurai.StorylyTwilioIntegrationSample;
				PRODUCT_NAME = "$(TARGET_NAME)";
				SWIFT_EMIT_LOC_STRINGS = YES;
				SWIFT_VERSION = 5.0;
				TARGETED_DEVICE_FAMILY = "1,2";
			};
			name = Release;
		};
/* End XCBuildConfiguration section */

/* Begin XCConfigurationList section */
		1A00000000000000000000B0 /* Build configuration list for PBXProject "StorylyTwilioIntegrationSample" */ = {
			isa = XCConfigurationList;
			buildConfigurations = (
				1A00000000000000000000B1 /* Debug */,
				1A00000000000000000000B2 /* Release */,
			);
			defaultConfigurationIsVisible = 0;
			defaultConfigurationName = Release;
		};
		1A00000000000000000000B3 /* Build configuration list for PBXNativeTarget "StorylyTwilioIntegrationSample" */ = {
			isa = XCConfigurationList;
			buildConfigurations = (
				1A00000000000000000000B4 /* Debug */,
				1A00000000000000000000B5 /* Release */,
			);
			defaultConfigurationIsVisible = 0;
			defaultConfigurationName = Release;
		};
/* End XCConfigurationList section */

/* Begin XCRemoteSwiftPackageReference section */
		1A00000000000000000000F1 /* XCRemoteSwiftPackageReference "storyly-ios" */ = {
			isa = XCRemoteSwiftPackageReference;
			repositoryURL = "https://github.com/Netvent/storyly-ios";
			requirement = {
				kind = upToNextMajorVersion;
				minimumVersion = 4.20.0;
			};
		};
/* End XCRemoteSwiftPackageReference section */

/* Begin XCSwiftPackageProductDependency section */
		1A00000000000000000000F2 /* Storyly */ = {
			isa = XCSwiftPackageProductDependency;
			package = 1A00000000000000000000F1 /* XCRemoteSwiftPackageReference "storyly-ios" */;
			productName = Storyly;
		};
/* End XCSwiftPackageProductDependency section */
	};
	rootObject = 1A00000000000000000000A1 /* Project object */;
}
