PODS:
  - Flutter (1.0.0)
  - integration_test (0.0.1):
    - Flutter
  - storyly_placement_flutter (0.0.1):
    - Flutter
    - StorylyPlacement (= 1.1.0)
  - StorylyPlacement (1.1.0):
    - StorylyPlacement/Analytics (= 1.1.0)
    - StorylyPlacement/Banner (= 1.1.0)
    - StorylyPlacement/Core (= 1.1.0)
    - StorylyPlacement/CoreInternal (= 1.1.0)
    - StorylyPlacement/Placement (= 1.1.0)
    - StorylyPlacement/StoryBar (= 1.1.0)
    - StorylyPlacement/SwipeCard (= 1.1.0)
    - StorylyPlacement/VideoFeed (= 1.1.0)
  - StorylyPlacement/Analytics (1.1.0)
  - StorylyPlacement/Banner (1.1.0)
  - StorylyPlacement/Core (1.1.0)
  - StorylyPlacement/CoreInternal (1.1.0)
  - StorylyPlacement/Placement (1.1.0):
    - StorylyPlacement/Analytics
    - StorylyPlacement/Core
    - StorylyPlacement/CoreInternal
  - StorylyPlacement/StoryBar (1.1.0)
  - StorylyPlacement/SwipeCard (1.1.0)
  - StorylyPlacement/VideoFeed (1.1.0)

DEPENDENCIES:
  - Flutter (from `Flutter`)
  - integration_test (from `.symlinks/plugins/integration_test/ios`)
  - storyly_placement_flutter (from `.symlinks/plugins/storyly_placement_flutter/ios`)

SPEC REPOS:
  trunk:
    - StorylyPlacement

EXTERNAL SOURCES:
  Flutter:
    :path: Flutter
  integration_test:
    :path: ".symlinks/plugins/integration_test/ios"
  storyly_placement_flutter:
    :path: ".symlinks/plugins/storyly_placement_flutter/ios"

SPEC CHECKSUMS:
  Flutter: cabc95a1d2626b1b06e7179b784ebcf0c0cde467
  integration_test: 4a889634ef21a45d28d50d622cf412dc6d9f586e
  storyly_placement_flutter: 1c1eebc2c5153f93f1d4f0e4d52c53f2925b5eaf
  StorylyPlacement: 0c7de120832c48e6db35d0bf325c0214350e6c18

PODFILE CHECKSUM: 3c63482e143d1b91d2d2560aee9fb04ecc74ac7e

COCOAPODS: 1.16.2
