PODS:
  - Flutter (1.0.0)
  - integration_test (0.0.1):
    - Flutter
  - storyly_placement_flutter (1.3.2):
    - Flutter
    - StorylyPlacement (= 1.3.1)
  - StorylyPlacement (1.3.1):
    - StorylyPlacement/Analytics (= 1.3.1)
    - StorylyPlacement/Banner (= 1.3.1)
    - StorylyPlacement/Canvas (= 1.3.1)
    - StorylyPlacement/Core (= 1.3.1)
    - StorylyPlacement/CoreInternal (= 1.3.1)
    - StorylyPlacement/Placement (= 1.3.1)
    - StorylyPlacement/StoryBar (= 1.3.1)
    - StorylyPlacement/SwipeCard (= 1.3.1)
    - StorylyPlacement/VideoFeed (= 1.3.1)
  - StorylyPlacement/Analytics (1.3.1)
  - StorylyPlacement/Banner (1.3.1)
  - StorylyPlacement/Canvas (1.3.1)
  - StorylyPlacement/Core (1.3.1)
  - StorylyPlacement/CoreInternal (1.3.1)
  - StorylyPlacement/Placement (1.3.1):
    - StorylyPlacement/Analytics
    - StorylyPlacement/Core
    - StorylyPlacement/CoreInternal
  - StorylyPlacement/StoryBar (1.3.1)
  - StorylyPlacement/SwipeCard (1.3.1)
  - StorylyPlacement/VideoFeed (1.3.1)

DEPENDENCIES:
  - Flutter (from `Flutter`)
  - integration_test (from `.symlinks/plugins/integration_test/ios`)
  - storyly_placement_flutter (from `.symlinks/plugins/storyly_placement_flutter/ios`)

SPEC REPOS:
  trunk:
    - StorylyPlacement

EXTERNAL SOURCES:
  Flutter:
    :path: Flutter
  integration_test:
    :path: ".symlinks/plugins/integration_test/ios"
  storyly_placement_flutter:
    :path: ".symlinks/plugins/storyly_placement_flutter/ios"

SPEC CHECKSUMS:
  Flutter: cabc95a1d2626b1b06e7179b784ebcf0c0cde467
  integration_test: 252f60fa39af5e17c3aa9899d35d908a0721b573
  storyly_placement_flutter: 887b9bfba22d7ca0e2876bb4489db3a7307b64a7
  StorylyPlacement: 6d7fb2216b02c1fb218ae911530687d6a5b0f5c8

PODFILE CHECKSUM: 3c63482e143d1b91d2d2560aee9fb04ecc74ac7e

COCOAPODS: 1.15.2
