PODS:
  - Flutter (1.0.0)
  - Storyly (2.16.1)
  - storyly_flutter (2.15.0):
    - Flutter
    - Storyly (= 2.16.1)

DEPENDENCIES:
  - Flutter (from `Flutter`)
  - storyly_flutter (from `.symlinks/plugins/storyly_flutter/ios`)

SPEC REPOS:
  trunk:
    - Storyly

EXTERNAL SOURCES:
  Flutter:
    :path: Flutter
  storyly_flutter:
    :path: ".symlinks/plugins/storyly_flutter/ios"

SPEC CHECKSUMS:
  Flutter: e0871f40cf51350855a761d2e70bf5af5b9b5de7
  Storyly: 113fa6ea79a52ab1b45983a6faf1f70f5064bf7a
  storyly_flutter: 3eb01f57f42fffbd2fc4f5f69b56274e14ccd8ac

PODFILE CHECKSUM: ef19549a9bc3046e7bb7d2fab4d021637c0c58a3

COCOAPODS: 1.15.2
