PODS:
  - Flutter (1.0.0)
  - Storyly (1.26.0)
  - storyly_flutter (1.26.0):
    - Flutter
    - Storyly (~> 1.26.0)

DEPENDENCIES:
  - Flutter (from `Flutter`)
  - storyly_flutter (from `.symlinks/plugins/storyly_flutter/ios`)

SPEC REPOS:
  trunk:
    - Storyly

EXTERNAL SOURCES:
  Flutter:
    :path: Flutter
  storyly_flutter:
    :path: ".symlinks/plugins/storyly_flutter/ios"

SPEC CHECKSUMS:
  Flutter: 50d75fe2f02b26cc09d224853bb45737f8b3214a
  Storyly: 0d32443170e1c72076f50879f01e67d9ab787dd2
  storyly_flutter: 7b21add753cd8407b88fcbcfce32e06e1a20b798

PODFILE CHECKSUM: aafe91acc616949ddb318b77800a7f51bffa2a4c

COCOAPODS: 1.11.3
