PODS:
  - Flutter (1.0.0)
  - SDWebImage (5.8.4):
    - SDWebImage/Core (= 5.8.4)
  - SDWebImage/Core (5.8.4)
  - Storyly (1.8.6):
    - SDWebImage (~> 5.8.0)
  - storyly_flutter (1.8.0):
    - Flutter
    - Storyly (= 1.8.6)

DEPENDENCIES:
  - Flutter (from `Flutter`)
  - storyly_flutter (from `.symlinks/plugins/storyly_flutter/ios`)

SPEC REPOS:
  trunk:
    - SDWebImage
    - Storyly

EXTERNAL SOURCES:
  Flutter:
    :path: Flutter
  storyly_flutter:
    :path: ".symlinks/plugins/storyly_flutter/ios"

SPEC CHECKSUMS:
  Flutter: 0e3d915762c693b495b44d77113d4970485de6ec
  SDWebImage: cf6922231e95550934da2ada0f20f2becf2ceba9
  Storyly: 28e963ee806fd6fec8ec41fec4fb073eb3694d24
  storyly_flutter: 51d5e6b67629c3d5627e5bf1888d162e63ea8b21

PODFILE CHECKSUM: aafe91acc616949ddb318b77800a7f51bffa2a4c

COCOAPODS: 1.9.3
