PODS:
  - Alamofire (4.9.0)
  - AlamofireImage (3.5.2):
    - Alamofire (~> 4.8)
  - Storyly (0.0.4):
    - AlamofireImage

DEPENDENCIES:
  - Storyly

SPEC REPOS:
  https://github.com/CocoaPods/Specs.git:
    - Alamofire
    - AlamofireImage
    - Storyly

SPEC CHECKSUMS:
  Alamofire: afc3e7c6db61476cb45cdd23fed06bad03bbc321
  AlamofireImage: 63cfe3baf1370be6c498149687cf6db3e3b00999
  Storyly: 909ace90b5026659c2e399b5cbb0e8b181b04221

PODFILE CHECKSUM: 3fe4479b28e265f4b9b7c1b007140ca1f0b55038

COCOAPODS: 1.8.0
