PODS:
  - SDWebImage (5.10.0):
    - SDWebImage/Core (= 5.10.0)
  - SDWebImage/Core (5.10.0)
  - Storyly (1.11.0):
    - SDWebImage (= 5.10.0)

DEPENDENCIES:
  - Storyly

SPEC REPOS:
  https://github.com/CocoaPods/Specs.git:
    - SDWebImage
    - Storyly

SPEC CHECKSUMS:
  SDWebImage: 9169792e9eec3e45bba2a0c02f74bf8bd922d1ee
  Storyly: 1cec35ea4ab121cf4f1f96d5367a17b8c5429dde

PODFILE CHECKSUM: 21eb3a075483ea800867a2d28fa90523005b7247

COCOAPODS: 1.10.1
