PODS:
  - Flutter (1.0.0)
  - Google-Mobile-Ads-SDK (11.5.0):
    - GoogleUserMessagingPlatform (>= 1.1)
  - GoogleUserMessagingPlatform (2.4.0)
  - Storyly (2.18.2)
  - storyly_flutter (2.18.2):
    - Flutter
    - Storyly (= 2.18.2)
  - storyly_monetization_flutter (2.0.0):
    - Flutter
    - storyly_flutter (~> 2.18)
    - StorylyMonetization (~> 2.0)
  - StorylyMonetization (2.0.2):
    - Google-Mobile-Ads-SDK (= 11.5.0)
    - Storyly (~> 2.18)

DEPENDENCIES:
  - Flutter (from `Flutter`)
  - storyly_flutter (from `.symlinks/plugins/storyly_flutter/ios`)
  - storyly_monetization_flutter (from `.symlinks/plugins/storyly_monetization_flutter/ios`)

SPEC REPOS:
  trunk:
    - Google-Mobile-Ads-SDK
    - GoogleUserMessagingPlatform
    - Storyly
    - StorylyMonetization

EXTERNAL SOURCES:
  Flutter:
    :path: Flutter
  storyly_flutter:
    :path: ".symlinks/plugins/storyly_flutter/ios"
  storyly_monetization_flutter:
    :path: ".symlinks/plugins/storyly_monetization_flutter/ios"

SPEC CHECKSUMS:
  Flutter: e0871f40cf51350855a761d2e70bf5af5b9b5de7
  Google-Mobile-Ads-SDK: 7db2098033ad3bfcd72a11e7503b49700a93029e
  GoogleUserMessagingPlatform: f131fa7978d2ba88d7426702b057c2cc318e6595
  Storyly: 40b6ce68eb3ebcb366aeff18f6278247d692216f
  storyly_flutter: 95ee9456c3c9b28ecfaf941b16e63db1a4b7e38b
  storyly_monetization_flutter: eceee50762e0deebad2cde9c6966bfe06fba7df2
  StorylyMonetization: 6b59858052e45feb4fd9451263975d4b312541b3

PODFILE CHECKSUM: 591c2f6ebe3cf80eddf9823806df57e06447523e

COCOAPODS: 1.15.2
