PODS:
  - Flutter (1.0.0)
  - Google-Mobile-Ads-SDK (11.5.0):
    - GoogleUserMessagingPlatform (>= 1.1)
  - GoogleUserMessagingPlatform (2.4.0)
  - Storyly (3.0.1)
  - storyly_flutter (3.0.1):
    - Flutter
    - Storyly (= 3.0.1)
  - storyly_monetization_flutter (3.0.0):
    - Flutter
    - storyly_flutter (~> 3.0)
    - StorylyMonetization (~> 3.0)
  - StorylyMonetization (3.0.0):
    - Google-Mobile-Ads-SDK (= 11.5.0)
    - Storyly (~> 3.0)

DEPENDENCIES:
  - Flutter (from `Flutter`)
  - storyly_flutter (from `.symlinks/plugins/storyly_flutter/ios`)
  - storyly_monetization_flutter (from `.symlinks/plugins/storyly_monetization_flutter/ios`)

SPEC REPOS:
  trunk:
    - Google-Mobile-Ads-SDK
    - GoogleUserMessagingPlatform
    - Storyly
    - StorylyMonetization

EXTERNAL SOURCES:
  Flutter:
    :path: Flutter
  storyly_flutter:
    :path: ".symlinks/plugins/storyly_flutter/ios"
  storyly_monetization_flutter:
    :path: ".symlinks/plugins/storyly_monetization_flutter/ios"

SPEC CHECKSUMS:
  Flutter: e0871f40cf51350855a761d2e70bf5af5b9b5de7
  Google-Mobile-Ads-SDK: 7db2098033ad3bfcd72a11e7503b49700a93029e
  GoogleUserMessagingPlatform: f131fa7978d2ba88d7426702b057c2cc318e6595
  Storyly: 79f8cfe3c8d8cee1fd903d27ed91b15fa3a4dd2a
  storyly_flutter: 4cf310af3ebc59713764aee23b3ce31bd50fc16a
  storyly_monetization_flutter: 068725109836148b2e5e6475207fdbd6558fbe80
  StorylyMonetization: a800b2440b18761b41de361b87143b43e1719c6a

PODFILE CHECKSUM: 591c2f6ebe3cf80eddf9823806df57e06447523e

COCOAPODS: 1.15.2
