// !$*UTF8*$!
{
	archiveVersion = 1;
	classes = {
	};
	objectVersion = 51;
	objects = {

/* Begin PBXBuildFile section */
		413318A926B804A00086C34D /* Tokens.m in Sources */ = {isa = PBXBuildFile; fileRef = 413318A826B804A00086C34D /* Tokens.m */; };
		41AC1F6726B0A8B5007CA47A /* AdsViewController.m in Sources */ = {isa = PBXBuildFile; fileRef = 41AC1F6626B0A8B5007CA47A /* AdsViewController.m */; };
		41AC1F6926B0A8E7007CA47A /* Ads.storyboard in Resources */ = {isa = PBXBuildFile; fileRef = 41AC1F6826B0A8E7007CA47A /* Ads.storyboard */; };
		41BC5D5325D1BF35002876EF /* CustomSize.storyboard in Resources */ = {isa = PBXBuildFile; fileRef = 41BC5D5025D1BF34002876EF /* CustomSize.storyboard */; };
		41BC5D5425D1BF35002876EF /* CustomSizeViewController.m in Sources */ = {isa = PBXBuildFile; fileRef = 41BC5D5225D1BF35002876EF /* CustomSizeViewController.m */; };
		41BC5D5825D1BF4F002876EF /* EventHandling.storyboard in Resources */ = {isa = PBXBuildFile; fileRef = 41BC5D5725D1BF4F002876EF /* EventHandling.storyboard */; };
		41BC5D5C25D1BF69002876EF /* EventHandlingViewController.m in Sources */ = {isa = PBXBuildFile; fileRef = 41BC5D5B25D1BF69002876EF /* EventHandlingViewController.m */; };
		568301BB7602ED9444C8418B /* Pods_StorylyDemo.framework in Frameworks */ = {isa = PBXBuildFile; fileRef = 2B1F4386905C77B5B2A41980 /* Pods_StorylyDemo.framework */; };
		A1752CBC23FD0E43000CCB33 /* AppDelegate.m in Sources */ = {isa = PBXBuildFile; fileRef = A1752CBB23FD0E43000CCB33 /* AppDelegate.m */; };
		A1752CC223FD0E43000CCB33 /* BasicViewController.m in Sources */ = {isa = PBXBuildFile; fileRef = A1752CC123FD0E43000CCB33 /* BasicViewController.m */; };
		A1752CC523FD0E43000CCB33 /* Basic.storyboard in Resources */ = {isa = PBXBuildFile; fileRef = A1752CC323FD0E43000CCB33 /* Basic.storyboard */; };
		A1752CC723FD0E45000CCB33 /* Assets.xcassets in Resources */ = {isa = PBXBuildFile; fileRef = A1752CC623FD0E45000CCB33 /* Assets.xcassets */; };
		A1752CCA23FD0E45000CCB33 /* LaunchScreen.storyboard in Resources */ = {isa = PBXBuildFile; fileRef = A1752CC823FD0E45000CCB33 /* LaunchScreen.storyboard */; };
		A1752CCD23FD0E45000CCB33 /* main.m in Sources */ = {isa = PBXBuildFile; fileRef = A1752CCC23FD0E45000CCB33 /* main.m */; };
		DCC2C1002643D4A300854DF7 /* ShowStorylyController.m in Sources */ = {isa = PBXBuildFile; fileRef = DCC2C0FF2643D4A300854DF7 /* ShowStorylyController.m */; };
		DCC2C1052643D4C100854DF7 /* HideStorylyViewController.m in Sources */ = {isa = PBXBuildFile; fileRef = DCC2C1042643D4C100854DF7 /* HideStorylyViewController.m */; };
		DCC2C1172644006700854DF7 /* ShowStoryly.storyboard in Resources */ = {isa = PBXBuildFile; fileRef = DCC2C1162644006700854DF7 /* ShowStoryly.storyboard */; };
		DCC2C11A264401B500854DF7 /* HideStoryly.storyboard in Resources */ = {isa = PBXBuildFile; fileRef = DCC2C119264401B500854DF7 /* HideStoryly.storyboard */; };
/* End PBXBuildFile section */

/* Begin PBXFileReference section */
		1D0A85522E993DBED89E899C /* Pods-StorylyDemo.release.xcconfig */ = {isa = PBXFileReference; includeInIndex = 1; lastKnownFileType = text.xcconfig; name = "Pods-StorylyDemo.release.xcconfig"; path = "Target Support Files/Pods-StorylyDemo/Pods-StorylyDemo.release.xcconfig"; sourceTree = "<group>"; };
		2B1F4386905C77B5B2A41980 /* Pods_StorylyDemo.framework */ = {isa = PBXFileReference; explicitFileType = wrapper.framework; includeInIndex = 0; path = Pods_StorylyDemo.framework; sourceTree = BUILT_PRODUCTS_DIR; };
		413318A726B804A00086C34D /* Tokens.h */ = {isa = PBXFileReference; lastKnownFileType = sourcecode.c.h; path = Tokens.h; sourceTree = "<group>"; };
		413318A826B804A00086C34D /* Tokens.m */ = {isa = PBXFileReference; lastKnownFileType = sourcecode.c.objc; path = Tokens.m; sourceTree = "<group>"; };
		41AC1F6526B0A8B5007CA47A /* AdsViewController.h */ = {isa = PBXFileReference; lastKnownFileType = sourcecode.c.h; path = AdsViewController.h; sourceTree = "<group>"; };
		41AC1F6626B0A8B5007CA47A /* AdsViewController.m */ = {isa = PBXFileReference; lastKnownFileType = sourcecode.c.objc; path = AdsViewController.m; sourceTree = "<group>"; };
		41AC1F6826B0A8E7007CA47A /* Ads.storyboard */ = {isa = PBXFileReference; lastKnownFileType = file.storyboard; path = Ads.storyboard; sourceTree = "<group>"; };
		41BC5D5025D1BF34002876EF /* CustomSize.storyboard */ = {isa = PBXFileReference; fileEncoding = 4; lastKnownFileType = file.storyboard; path = CustomSize.storyboard; sourceTree = "<group>"; };
		41BC5D5125D1BF35002876EF /* CustomSizeViewController.h */ = {isa = PBXFileReference; fileEncoding = 4; lastKnownFileType = sourcecode.c.h; path = CustomSizeViewController.h; sourceTree = "<group>"; };
		41BC5D5225D1BF35002876EF /* CustomSizeViewController.m */ = {isa = PBXFileReference; fileEncoding = 4; lastKnownFileType = sourcecode.c.objc; path = CustomSizeViewController.m; sourceTree = "<group>"; };
		41BC5D5725D1BF4F002876EF /* EventHandling.storyboard */ = {isa = PBXFileReference; lastKnownFileType = file.storyboard; path = EventHandling.storyboard; sourceTree = "<group>"; };
		41BC5D5A25D1BF69002876EF /* EventHandlingViewController.h */ = {isa = PBXFileReference; lastKnownFileType = sourcecode.c.h; path = EventHandlingViewController.h; sourceTree = "<group>"; };
		41BC5D5B25D1BF69002876EF /* EventHandlingViewController.m */ = {isa = PBXFileReference; lastKnownFileType = sourcecode.c.objc; path = EventHandlingViewController.m; sourceTree = "<group>"; };
		53D94C51C9D15D913A3D14D0 /* Pods-StorylyDemo.debug.xcconfig */ = {isa = PBXFileReference; includeInIndex = 1; lastKnownFileType = text.xcconfig; name = "Pods-StorylyDemo.debug.xcconfig"; path = "Target Support Files/Pods-StorylyDemo/Pods-StorylyDemo.debug.xcconfig"; sourceTree = "<group>"; };
		A1752CB723FD0E43000CCB33 /* StorylyDemo.app */ = {isa = PBXFileReference; explicitFileType = wrapper.application; includeInIndex = 0; path = StorylyDemo.app; sourceTree = BUILT_PRODUCTS_DIR; };
		A1752CBA23FD0E43000CCB33 /* AppDelegate.h */ = {isa = PBXFileReference; lastKnownFileType = sourcecode.c.h; path = AppDelegate.h; sourceTree = "<group>"; };
		A1752CBB23FD0E43000CCB33 /* AppDelegate.m */ = {isa = PBXFileReference; lastKnownFileType = sourcecode.c.objc; path = AppDelegate.m; sourceTree = "<group>"; };
		A1752CC023FD0E43000CCB33 /* BasicViewController.h */ = {isa = PBXFileReference; lastKnownFileType = sourcecode.c.h; path = BasicViewController.h; sourceTree = "<group>"; };
		A1752CC123FD0E43000CCB33 /* BasicViewController.m */ = {isa = PBXFileReference; lastKnownFileType = sourcecode.c.objc; path = BasicViewController.m; sourceTree = "<group>"; };
		A1752CC423FD0E43000CCB33 /* Base */ = {isa = PBXFileReference; lastKnownFileType = file.storyboard; name = Base; path = Base.lproj/Basic.storyboard; sourceTree = "<group>"; };
		A1752CC623FD0E45000CCB33 /* Assets.xcassets */ = {isa = PBXFileReference; lastKnownFileType = folder.assetcatalog; path = Assets.xcassets; sourceTree = "<group>"; };
		A1752CC923FD0E45000CCB33 /* Base */ = {isa = PBXFileReference; lastKnownFileType = file.storyboard; name = Base; path = Base.lproj/LaunchScreen.storyboard; sourceTree = "<group>"; };
		A1752CCB23FD0E45000CCB33 /* Info.plist */ = {isa = PBXFileReference; lastKnownFileType = text.plist.xml; path = Info.plist; sourceTree = "<group>"; };
		A1752CCC23FD0E45000CCB33 /* main.m */ = {isa = PBXFileReference; lastKnownFileType = sourcecode.c.objc; path = main.m; sourceTree = "<group>"; };
		DCC2C0FE2643D4A300854DF7 /* ShowStorylyController.h */ = {isa = PBXFileReference; lastKnownFileType = sourcecode.c.h; path = ShowStorylyController.h; sourceTree = "<group>"; };
		DCC2C0FF2643D4A300854DF7 /* ShowStorylyController.m */ = {isa = PBXFileReference; lastKnownFileType = sourcecode.c.objc; path = ShowStorylyController.m; sourceTree = "<group>"; };
		DCC2C1032643D4C100854DF7 /* HideStorylyViewController.h */ = {isa = PBXFileReference; lastKnownFileType = sourcecode.c.h; path = HideStorylyViewController.h; sourceTree = "<group>"; };
		DCC2C1042643D4C100854DF7 /* HideStorylyViewController.m */ = {isa = PBXFileReference; lastKnownFileType = sourcecode.c.objc; path = HideStorylyViewController.m; sourceTree = "<group>"; };
		DCC2C1162644006700854DF7 /* ShowStoryly.storyboard */ = {isa = PBXFileReference; lastKnownFileType = file.storyboard; path = ShowStoryly.storyboard; sourceTree = "<group>"; };
		DCC2C119264401B500854DF7 /* HideStoryly.storyboard */ = {isa = PBXFileReference; lastKnownFileType = file.storyboard; path = HideStoryly.storyboard; sourceTree = "<group>"; };
/* End PBXFileReference section */

/* Begin PBXFrameworksBuildPhase section */
		A1752CB423FD0E43000CCB33 /* Frameworks */ = {
			isa = PBXFrameworksBuildPhase;
			buildActionMask = 2147483647;
			files = (
				568301BB7602ED9444C8418B /* Pods_StorylyDemo.framework in Frameworks */,
			);
			runOnlyForDeploymentPostprocessing = 0;
		};
/* End PBXFrameworksBuildPhase section */

/* Begin PBXGroup section */
		333FAEB21179ED54E5625A33 /* Frameworks */ = {
			isa = PBXGroup;
			children = (
				2B1F4386905C77B5B2A41980 /* Pods_StorylyDemo.framework */,
			);
			name = Frameworks;
			sourceTree = "<group>";
		};
		41AC1F6426B0A897007CA47A /* Ads */ = {
			isa = PBXGroup;
			children = (
				41AC1F6626B0A8B5007CA47A /* AdsViewController.m */,
				41AC1F6526B0A8B5007CA47A /* AdsViewController.h */,
				41AC1F6826B0A8E7007CA47A /* Ads.storyboard */,
			);
			path = Ads;
			sourceTree = "<group>";
		};
		41BC5D5625D1BF3A002876EF /* Basic */ = {
			isa = PBXGroup;
			children = (
				A1752CC123FD0E43000CCB33 /* BasicViewController.m */,
				A1752CC023FD0E43000CCB33 /* BasicViewController.h */,
				A1752CC323FD0E43000CCB33 /* Basic.storyboard */,
			);
			path = Basic;
			sourceTree = "<group>";
		};
		41BC5D5E25D1BF6E002876EF /* EventHandling */ = {
			isa = PBXGroup;
			children = (
				41BC5D5B25D1BF69002876EF /* EventHandlingViewController.m */,
				41BC5D5A25D1BF69002876EF /* EventHandlingViewController.h */,
				41BC5D5725D1BF4F002876EF /* EventHandling.storyboard */,
			);
			path = EventHandling;
			sourceTree = "<group>";
		};
		A1752CAE23FD0E43000CCB33 = {
			isa = PBXGroup;
			children = (
				A1752CB923FD0E43000CCB33 /* StorylyDemo */,
				A1752CB823FD0E43000CCB33 /* Products */,
				AFACE01BFE5AB75AD7C509B0 /* Pods */,
				333FAEB21179ED54E5625A33 /* Frameworks */,
			);
			sourceTree = "<group>";
		};
		A1752CB823FD0E43000CCB33 /* Products */ = {
			isa = PBXGroup;
			children = (
				A1752CB723FD0E43000CCB33 /* StorylyDemo.app */,
			);
			name = Products;
			sourceTree = "<group>";
		};
		A1752CB923FD0E43000CCB33 /* StorylyDemo */ = {
			isa = PBXGroup;
			children = (
				41BC5D5625D1BF3A002876EF /* Basic */,
				41AC1F6426B0A897007CA47A /* Ads */,
				41BC5D5E25D1BF6E002876EF /* EventHandling */,
				DCC2C0FA2643D45400854DF7 /* CustomSize */,
				DCC2C0FB2643D46B00854DF7 /* UseCases */,
				A1752CBA23FD0E43000CCB33 /* AppDelegate.h */,
				A1752CBB23FD0E43000CCB33 /* AppDelegate.m */,
				A1752CC623FD0E45000CCB33 /* Assets.xcassets */,
				A1752CC823FD0E45000CCB33 /* LaunchScreen.storyboard */,
				A1752CCB23FD0E45000CCB33 /* Info.plist */,
				A1752CCC23FD0E45000CCB33 /* main.m */,
				413318A726B804A00086C34D /* Tokens.h */,
				413318A826B804A00086C34D /* Tokens.m */,
			);
			path = StorylyDemo;
			sourceTree = "<group>";
		};
		AFACE01BFE5AB75AD7C509B0 /* Pods */ = {
			isa = PBXGroup;
			children = (
				53D94C51C9D15D913A3D14D0 /* Pods-StorylyDemo.debug.xcconfig */,
				1D0A85522E993DBED89E899C /* Pods-StorylyDemo.release.xcconfig */,
			);
			path = Pods;
			sourceTree = "<group>";
		};
		DCC2C0FA2643D45400854DF7 /* CustomSize */ = {
			isa = PBXGroup;
			children = (
				41BC5D5025D1BF34002876EF /* CustomSize.storyboard */,
				41BC5D5125D1BF35002876EF /* CustomSizeViewController.h */,
				41BC5D5225D1BF35002876EF /* CustomSizeViewController.m */,
			);
			path = CustomSize;
			sourceTree = "<group>";
		};
		DCC2C0FB2643D46B00854DF7 /* UseCases */ = {
			isa = PBXGroup;
			children = (
				DCC2C0FD2643D48A00854DF7 /* ShowStoryly */,
				DCC2C0FC2643D47E00854DF7 /* HideStoryly */,
			);
			path = UseCases;
			sourceTree = "<group>";
		};
		DCC2C0FC2643D47E00854DF7 /* HideStoryly */ = {
			isa = PBXGroup;
			children = (
				DCC2C1032643D4C100854DF7 /* HideStorylyViewController.h */,
				DCC2C1042643D4C100854DF7 /* HideStorylyViewController.m */,
				DCC2C119264401B500854DF7 /* HideStoryly.storyboard */,
			);
			path = HideStoryly;
			sourceTree = "<group>";
		};
		DCC2C0FD2643D48A00854DF7 /* ShowStoryly */ = {
			isa = PBXGroup;
			children = (
				DCC2C0FE2643D4A300854DF7 /* ShowStorylyController.h */,
				DCC2C0FF2643D4A300854DF7 /* ShowStorylyController.m */,
				DCC2C1162644006700854DF7 /* ShowStoryly.storyboard */,
			);
			path = ShowStoryly;
			sourceTree = "<group>";
		};
/* End PBXGroup section */

/* Begin PBXNativeTarget section */
		A1752CB623FD0E43000CCB33 /* StorylyDemo */ = {
			isa = PBXNativeTarget;
			buildConfigurationList = A1752CD023FD0E45000CCB33 /* Build configuration list for PBXNativeTarget "StorylyDemo" */;
			buildPhases = (
				3CAC68FE541981A34C412289 /* [CP] Check Pods Manifest.lock */,
				A1752CB323FD0E43000CCB33 /* Sources */,
				A1752CB423FD0E43000CCB33 /* Frameworks */,
				A1752CB523FD0E43000CCB33 /* Resources */,
				E99DF0210D295E7981DAD610 /* [CP] Embed Pods Frameworks */,
			);
			buildRules = (
			);
			dependencies = (
			);
			name = StorylyDemo;
			productName = StorylyDemo;
			productReference = A1752CB723FD0E43000CCB33 /* StorylyDemo.app */;
			productType = "com.apple.product-type.application";
		};
/* End PBXNativeTarget section */

/* Begin PBXProject section */
		A1752CAF23FD0E43000CCB33 /* Project object */ = {
			isa = PBXProject;
			attributes = {
				LastUpgradeCheck = 1130;
				ORGANIZATIONNAME = "App Samurai Inc.";
				TargetAttributes = {
					A1752CB623FD0E43000CCB33 = {
						CreatedOnToolsVersion = 11.3.1;
					};
				};
			};
			buildConfigurationList = A1752CB223FD0E43000CCB33 /* Build configuration list for PBXProject "StorylyDemo" */;
			compatibilityVersion = "Xcode 9.3";
			developmentRegion = en;
			hasScannedForEncodings = 0;
			knownRegions = (
				en,
				Base,
			);
			mainGroup = A1752CAE23FD0E43000CCB33;
			productRefGroup = A1752CB823FD0E43000CCB33 /* Products */;
			projectDirPath = "";
			projectRoot = "";
			targets = (
				A1752CB623FD0E43000CCB33 /* StorylyDemo */,
			);
		};
/* End PBXProject section */

/* Begin PBXResourcesBuildPhase section */
		A1752CB523FD0E43000CCB33 /* Resources */ = {
			isa = PBXResourcesBuildPhase;
			buildActionMask = 2147483647;
			files = (
				A1752CCA23FD0E45000CCB33 /* LaunchScreen.storyboard in Resources */,
				A1752CC723FD0E45000CCB33 /* Assets.xcassets in Resources */,
				DCC2C1172644006700854DF7 /* ShowStoryly.storyboard in Resources */,
				41BC5D5325D1BF35002876EF /* CustomSize.storyboard in Resources */,
				41BC5D5825D1BF4F002876EF /* EventHandling.storyboard in Resources */,
				41AC1F6926B0A8E7007CA47A /* Ads.storyboard in Resources */,
				DCC2C11A264401B500854DF7 /* HideStoryly.storyboard in Resources */,
				A1752CC523FD0E43000CCB33 /* Basic.storyboard in Resources */,
			);
			runOnlyForDeploymentPostprocessing = 0;
		};
/* End PBXResourcesBuildPhase section */

/* Begin PBXShellScriptBuildPhase section */
		3CAC68FE541981A34C412289 /* [CP] Check Pods Manifest.lock */ = {
			isa = PBXShellScriptBuildPhase;
			buildActionMask = 2147483647;
			files = (
			);
			inputFileListPaths = (
			);
			inputPaths = (
				"${PODS_PODFILE_DIR_PATH}/Podfile.lock",
				"${PODS_ROOT}/Manifest.lock",
			);
			name = "[CP] Check Pods Manifest.lock";
			outputFileListPaths = (
			);
			outputPaths = (
				"$(DERIVED_FILE_DIR)/Pods-StorylyDemo-checkManifestLockResult.txt",
			);
			runOnlyForDeploymentPostprocessing = 0;
			shellPath = /bin/sh;
			shellScript = "diff \"${PODS_PODFILE_DIR_PATH}/Podfile.lock\" \"${PODS_ROOT}/Manifest.lock\" > /dev/null\nif [ $? != 0 ] ; then\n    # print error to STDERR\n    echo \"error: The sandbox is not in sync with the Podfile.lock. Run 'pod install' or update your CocoaPods installation.\" >&2\n    exit 1\nfi\n# This output is used by Xcode 'outputs' to avoid re-running this script phase.\necho \"SUCCESS\" > \"${SCRIPT_OUTPUT_FILE_0}\"\n";
			showEnvVarsInLog = 0;
		};
		E99DF0210D295E7981DAD610 /* [CP] Embed Pods Frameworks */ = {
			isa = PBXShellScriptBuildPhase;
			buildActionMask = 2147483647;
			files = (
			);
			inputFileListPaths = (
				"${PODS_ROOT}/Target Support Files/Pods-StorylyDemo/Pods-StorylyDemo-frameworks-${CONFIGURATION}-input-files.xcfilelist",
			);
			name = "[CP] Embed Pods Frameworks";
			outputFileListPaths = (
				"${PODS_ROOT}/Target Support Files/Pods-StorylyDemo/Pods-StorylyDemo-frameworks-${CONFIGURATION}-output-files.xcfilelist",
			);
			runOnlyForDeploymentPostprocessing = 0;
			shellPath = /bin/sh;
			shellScript = "\"${PODS_ROOT}/Target Support Files/Pods-StorylyDemo/Pods-StorylyDemo-frameworks.sh\"\n";
			showEnvVarsInLog = 0;
		};
/* End PBXShellScriptBuildPhase section */

/* Begin PBXSourcesBuildPhase section */
		A1752CB323FD0E43000CCB33 /* Sources */ = {
			isa = PBXSourcesBuildPhase;
			buildActionMask = 2147483647;
			files = (
				A1752CC223FD0E43000CCB33 /* BasicViewController.m in Sources */,
				A1752CBC23FD0E43000CCB33 /* AppDelegate.m in Sources */,
				41BC5D5425D1BF35002876EF /* CustomSizeViewController.m in Sources */,
				41BC5D5C25D1BF69002876EF /* EventHandlingViewController.m in Sources */,
				DCC2C1052643D4C100854DF7 /* HideStorylyViewController.m in Sources */,
				41AC1F6726B0A8B5007CA47A /* AdsViewController.m in Sources */,
				413318A926B804A00086C34D /* Tokens.m in Sources */,
				A1752CCD23FD0E45000CCB33 /* main.m in Sources */,
				DCC2C1002643D4A300854DF7 /* ShowStorylyController.m in Sources */,
			);
			runOnlyForDeploymentPostprocessing = 0;
		};
/* End PBXSourcesBuildPhase section */

/* Begin PBXVariantGroup section */
		A1752CC323FD0E43000CCB33 /* Basic.storyboard */ = {
			isa = PBXVariantGroup;
			children = (
				A1752CC423FD0E43000CCB33 /* Base */,
			);
			name = Basic.storyboard;
			sourceTree = "<group>";
		};
		A1752CC823FD0E45000CCB33 /* LaunchScreen.storyboard */ = {
			isa = PBXVariantGroup;
			children = (
				A1752CC923FD0E45000CCB33 /* Base */,
			);
			name = LaunchScreen.storyboard;
			sourceTree = "<group>";
		};
/* End PBXVariantGroup section */

/* Begin XCBuildConfiguration section */
		A1752CCE23FD0E45000CCB33 /* Debug */ = {
			isa = XCBuildConfiguration;
			buildSettings = {
				ALWAYS_SEARCH_USER_PATHS = NO;
				CLANG_ANALYZER_NONNULL = YES;
				CLANG_ANALYZER_NUMBER_OBJECT_CONVERSION = YES_AGGRESSIVE;
				CLANG_CXX_LANGUAGE_STANDARD = "gnu++14";
				CLANG_CXX_LIBRARY = "libc++";
				CLANG_ENABLE_MODULES = YES;
				CLANG_ENABLE_OBJC_ARC = YES;
				CLANG_ENABLE_OBJC_WEAK = YES;
				CLANG_WARN_BLOCK_CAPTURE_AUTORELEASING = YES;
				CLANG_WARN_BOOL_CONVERSION = YES;
				CLANG_WARN_COMMA = YES;
				CLANG_WARN_CONSTANT_CONVERSION = YES;
				CLANG_WARN_DEPRECATED_OBJC_IMPLEMENTATIONS = YES;
				CLANG_WARN_DIRECT_OBJC_ISA_USAGE = YES_ERROR;
				CLANG_WARN_DOCUMENTATION_COMMENTS = YES;
				CLANG_WARN_EMPTY_BODY = YES;
				CLANG_WARN_ENUM_CONVERSION = YES;
				CLANG_WARN_INFINITE_RECURSION = YES;
				CLANG_WARN_INT_CONVERSION = YES;
				CLANG_WARN_NON_LITERAL_NULL_CONVERSION = YES;
				CLANG_WARN_OBJC_IMPLICIT_RETAIN_SELF = YES;
				CLANG_WARN_OBJC_LITERAL_CONVERSION = YES;
				CLANG_WARN_OBJC_ROOT_CLASS = YES_ERROR;
				CLANG_WARN_RANGE_LOOP_ANALYSIS = YES;
				CLANG_WARN_STRICT_PROTOTYPES = YES;
				CLANG_WARN_SUSPICIOUS_MOVE = YES;
				CLANG_WARN_UNGUARDED_AVAILABILITY = YES_AGGRESSIVE;
				CLANG_WARN_UNREACHABLE_CODE = YES;
				CLANG_WARN__DUPLICATE_METHOD_MATCH = YES;
				COPY_PHASE_STRIP = NO;
				DEBUG_INFORMATION_FORMAT = dwarf;
				ENABLE_STRICT_OBJC_MSGSEND = YES;
				ENABLE_TESTABILITY = YES;
				GCC_C_LANGUAGE_STANDARD = gnu11;
				GCC_DYNAMIC_NO_PIC = NO;
				GCC_NO_COMMON_BLOCKS = YES;
				GCC_OPTIMIZATION_LEVEL = 0;
				GCC_PREPROCESSOR_DEFINITIONS = (
					"DEBUG=1",
					"$(inherited)",
				);
				GCC_WARN_64_TO_32_BIT_CONVERSION = YES;
				GCC_WARN_ABOUT_RETURN_TYPE = YES_ERROR;
				GCC_WARN_UNDECLARED_SELECTOR = YES;
				GCC_WARN_UNINITIALIZED_AUTOS = YES_AGGRESSIVE;
				GCC_WARN_UNUSED_FUNCTION = YES;
				GCC_WARN_UNUSED_VARIABLE = YES;
				IPHONEOS_DEPLOYMENT_TARGET = 13.2;
				MTL_ENABLE_DEBUG_INFO = INCLUDE_SOURCE;
				MTL_FAST_MATH = YES;
				ONLY_ACTIVE_ARCH = YES;
				SDKROOT = iphoneos;
			};
			name = Debug;
		};
		A1752CCF23FD0E45000CCB33 /* Release */ = {
			isa = XCBuildConfiguration;
			buildSettings = {
				ALWAYS_SEARCH_USER_PATHS = NO;
				CLANG_ANALYZER_NONNULL = YES;
				CLANG_ANALYZER_NUMBER_OBJECT_CONVERSION = YES_AGGRESSIVE;
				CLANG_CXX_LANGUAGE_STANDARD = "gnu++14";
				CLANG_CXX_LIBRARY = "libc++";
				CLANG_ENABLE_MODULES = YES;
				CLANG_ENABLE_OBJC_ARC = YES;
				CLANG_ENABLE_OBJC_WEAK = YES;
				CLANG_WARN_BLOCK_CAPTURE_AUTORELEASING = YES;
				CLANG_WARN_BOOL_CONVERSION = YES;
				CLANG_WARN_COMMA = YES;
				CLANG_WARN_CONSTANT_CONVERSION = YES;
				CLANG_WARN_DEPRECATED_OBJC_IMPLEMENTATIONS = YES;
				CLANG_WARN_DIRECT_OBJC_ISA_USAGE = YES_ERROR;
				CLANG_WARN_DOCUMENTATION_COMMENTS = YES;
				CLANG_WARN_EMPTY_BODY = YES;
				CLANG_WARN_ENUM_CONVERSION = YES;
				CLANG_WARN_INFINITE_RECURSION = YES;
				CLANG_WARN_INT_CONVERSION = YES;
				CLANG_WARN_NON_LITERAL_NULL_CONVERSION = YES;
				CLANG_WARN_OBJC_IMPLICIT_RETAIN_SELF = YES;
				CLANG_WARN_OBJC_LITERAL_CONVERSION = YES;
				CLANG_WARN_OBJC_ROOT_CLASS = YES_ERROR;
				CLANG_WARN_RANGE_LOOP_ANALYSIS = YES;
				CLANG_WARN_STRICT_PROTOTYPES = YES;
				CLANG_WARN_SUSPICIOUS_MOVE = YES;
				CLANG_WARN_UNGUARDED_AVAILABILITY = YES_AGGRESSIVE;
				CLANG_WARN_UNREACHABLE_CODE = YES;
				CLANG_WARN__DUPLICATE_METHOD_MATCH = YES;
				COPY_PHASE_STRIP = NO;
				DEBUG_INFORMATION_FORMAT = "dwarf-with-dsym";
				ENABLE_NS_ASSERTIONS = NO;
				ENABLE_STRICT_OBJC_MSGSEND = YES;
				GCC_C_LANGUAGE_STANDARD = gnu11;
				GCC_NO_COMMON_BLOCKS = YES;
				GCC_WARN_64_TO_32_BIT_CONVERSION = YES;
				GCC_WARN_ABOUT_RETURN_TYPE = YES_ERROR;
				GCC_WARN_UNDECLARED_SELECTOR = YES;
				GCC_WARN_UNINITIALIZED_AUTOS = YES_AGGRESSIVE;
				GCC_WARN_UNUSED_FUNCTION = YES;
				GCC_WARN_UNUSED_VARIABLE = YES;
				IPHONEOS_DEPLOYMENT_TARGET = 13.2;
				MTL_ENABLE_DEBUG_INFO = NO;
				MTL_FAST_MATH = YES;
				SDKROOT = iphoneos;
				VALIDATE_PRODUCT = YES;
			};
			name = Release;
		};
		A1752CD123FD0E45000CCB33 /* Debug */ = {
			isa = XCBuildConfiguration;
			baseConfigurationReference = 53D94C51C9D15D913A3D14D0 /* Pods-StorylyDemo.debug.xcconfig */;
			buildSettings = {
				ASSETCATALOG_COMPILER_APPICON_NAME = AppIcon;
				CODE_SIGN_STYLE = Automatic;
				DEVELOPMENT_TEAM = N9HWCG6YGG;
				INFOPLIST_FILE = StorylyDemo/Info.plist;
				IPHONEOS_DEPLOYMENT_TARGET = 10.0;
				LD_RUNPATH_SEARCH_PATHS = (
					"$(inherited)",
					"@executable_path/Frameworks",
				);
				PRODUCT_BUNDLE_IDENTIFIER = com.appsamurai.storyly.StorylyDemo;
				PRODUCT_NAME = "$(TARGET_NAME)";
				TARGETED_DEVICE_FAMILY = "1,2";
			};
			name = Debug;
		};
		A1752CD223FD0E45000CCB33 /* Release */ = {
			isa = XCBuildConfiguration;
			baseConfigurationReference = 1D0A85522E993DBED89E899C /* Pods-StorylyDemo.release.xcconfig */;
			buildSettings = {
				ASSETCATALOG_COMPILER_APPICON_NAME = AppIcon;
				CODE_SIGN_STYLE = Automatic;
				DEVELOPMENT_TEAM = N9HWCG6YGG;
				INFOPLIST_FILE = StorylyDemo/Info.plist;
				IPHONEOS_DEPLOYMENT_TARGET = 10.0;
				LD_RUNPATH_SEARCH_PATHS = (
					"$(inherited)",
					"@executable_path/Frameworks",
				);
				PRODUCT_BUNDLE_IDENTIFIER = com.appsamurai.storyly.StorylyDemo;
				PRODUCT_NAME = "$(TARGET_NAME)";
				TARGETED_DEVICE_FAMILY = "1,2";
			};
			name = Release;
		};
/* End XCBuildConfiguration section */

/* Begin XCConfigurationList section */
		A1752CB223FD0E43000CCB33 /* Build configuration list for PBXProject "StorylyDemo" */ = {
			isa = XCConfigurationList;
			buildConfigurations = (
				A1752CCE23FD0E45000CCB33 /* Debug */,
				A1752CCF23FD0E45000CCB33 /* Release */,
			);
			defaultConfigurationIsVisible = 0;
			defaultConfigurationName = Release;
		};
		A1752CD023FD0E45000CCB33 /* Build configuration list for PBXNativeTarget "StorylyDemo" */ = {
			isa = XCConfigurationList;
			buildConfigurations = (
				A1752CD123FD0E45000CCB33 /* Debug */,
				A1752CD223FD0E45000CCB33 /* Release */,
			);
			defaultConfigurationIsVisible = 0;
			defaultConfigurationName = Release;
		};
/* End XCConfigurationList section */
	};
	rootObject = A1752CAF23FD0E43000CCB33 /* Project object */;
}
