PODS:
  - SDWebImage (5.9.5):
    - SDWebImage/Core (= 5.9.5)
  - SDWebImage/Core (5.9.5)
  - Storyly (1.8.7):
    - SDWebImage (= 5.9.5)

DEPENDENCIES:
  - Storyly

SPEC REPOS:
  https://github.com/CocoaPods/Specs.git:
    - SDWebImage
    - Storyly

SPEC CHECKSUMS:
  SDWebImage: 0b2ba0d56479bf6a45ecddbfd5558bea93150d25
  Storyly: d2a8dbc13f649d956d893023f3cd6209ba76c0d1

PODFILE CHECKSUM: 7b2af04f8aea77f2fc1ef5b301b3f5d83694d2a3

COCOAPODS: 1.10.0
