PODS:
  - SDWebImage (5.8.4):
    - SDWebImage/Core (= 5.8.4)
  - SDWebImage/Core (5.8.4)
  - Storyly (1.7.2):
    - SDWebImage (~> 5.8.0)

DEPENDENCIES:
  - Storyly

SPEC REPOS:
  https://github.com/CocoaPods/Specs.git:
    - SDWebImage
    - Storyly

SPEC CHECKSUMS:
  SDWebImage: cf6922231e95550934da2ada0f20f2becf2ceba9
  Storyly: 7eb06128043a7d97492045cdca2a6591f06f1f17

PODFILE CHECKSUM: 7b2af04f8aea77f2fc1ef5b301b3f5d83694d2a3

COCOAPODS: 1.9.0
