
Microsoft Visual Studio Solution File, Format Version 12.00
# Visual Studio Version 16
VisualStudioVersion = 25.0.1706.2
MinimumVisualStudioVersion = 10.0.40219.1
Project("{FAE04EC0-301F-11D3-BF4B-00C04F79EFBC}") = "Storyly", "Storyly\Storyly.csproj", "{22A14C3B-ABB2-4372-91E8-980870D0C2E5}"
EndProject
Project("{FAE04EC0-301F-11D3-BF4B-00C04F79EFBC}") = "Storyly.Maui.Demo", "Storyly.Maui.Demo\Storyly.Maui.Demo.csproj", "{800A355D-2FF7-42AB-941A-709DE889CE14}"
EndProject
Global
	GlobalSection(SolutionConfigurationPlatforms) = preSolution
		Debug|Any CPU = Debug|Any CPU
		Release|Any CPU = Release|Any CPU
	EndGlobalSection
	GlobalSection(ProjectConfigurationPlatforms) = postSolution
		{22A14C3B-ABB2-4372-91E8-980870D0C2E5}.Debug|Any CPU.ActiveCfg = Debug|Any CPU
		{22A14C3B-ABB2-4372-91E8-980870D0C2E5}.Debug|Any CPU.Build.0 = Debug|Any CPU
		{22A14C3B-ABB2-4372-91E8-980870D0C2E5}.Release|Any CPU.ActiveCfg = Release|Any CPU
		{22A14C3B-ABB2-4372-91E8-980870D0C2E5}.Release|Any CPU.Build.0 = Release|Any CPU
		{800A355D-2FF7-42AB-941A-709DE889CE14}.Debug|Any CPU.ActiveCfg = Debug|Any CPU
		{800A355D-2FF7-42AB-941A-709DE889CE14}.Debug|Any CPU.Build.0 = Debug|Any CPU
		{800A355D-2FF7-42AB-941A-709DE889CE14}.Release|Any CPU.ActiveCfg = Release|Any CPU
		{800A355D-2FF7-42AB-941A-709DE889CE14}.Release|Any CPU.Build.0 = Release|Any CPU
	EndGlobalSection
	GlobalSection(SolutionProperties) = preSolution
		HideSolutionNode = FALSE
	EndGlobalSection
	GlobalSection(ExtensibilityGlobals) = postSolution
		SolutionGuid = {BA749DB4-6A1D-4859-85DE-3F7651B0F971}
	EndGlobalSection
EndGlobal
