// !$*UTF8*$!
{
	archiveVersion = 1;
	classes = {
	};
	objectVersion = 77;
	objects = {

/* Begin PBXBuildFile section */
		75D7F420300E5231003373D1 /* StorylyBannerSwiftUI in Frameworks */ = {isa = PBXBuildFile; productRef = 75D7F41F300E5231003373D1 /* StorylyBannerSwiftUI */; };
		75D7F422300E5231003373D1 /* StorylyCanvasSwiftUI in Frameworks */ = {isa = PBXBuildFile; productRef = 75D7F421300E5231003373D1 /* StorylyCanvasSwiftUI */; };
		75D7F424300E5231003373D1 /* PlacementSwiftUI in Frameworks */ = {isa = PBXBuildFile; productRef = 75D7F423300E5231003373D1 /* PlacementSwiftUI */; };
		75D7F426300E5231003373D1 /* StorylyStoryBarSwiftUI in Frameworks */ = {isa = PBXBuildFile; productRef = 75D7F425300E5231003373D1 /* StorylyStoryBarSwiftUI */; };
		75D7F428300E5231003373D1 /* StorylySwipeCardSwiftUI in Frameworks */ = {isa = PBXBuildFile; productRef = 75D7F427300E5231003373D1 /* StorylySwipeCardSwiftUI */; };
		75D7F42A300E5231003373D1 /* StorylyVideoFeedSwiftUI in Frameworks */ = {isa = PBXBuildFile; productRef = 75D7F429300E5231003373D1 /* StorylyVideoFeedSwiftUI */; };
/* End PBXBuildFile section */

/* Begin PBXFileReference section */
		75D7F3E8300E4471003373D1 /* SwiftUIDemo.app */ = {isa = PBXFileReference; explicitFileType = wrapper.application; includeInIndex = 0; path = SwiftUIDemo.app; sourceTree = BUILT_PRODUCTS_DIR; };
/* End PBXFileReference section */

/* Begin PBXFileSystemSynchronizedRootGroup section */
		75D7F3EA300E4471003373D1 /* SwiftUIDemo */ = {
			isa = PBXFileSystemSynchronizedRootGroup;
			path = SwiftUIDemo;
			sourceTree = "<group>";
		};
/* End PBXFileSystemSynchronizedRootGroup section */

/* Begin PBXFrameworksBuildPhase section */
		75D7F3E5300E4471003373D1 /* Frameworks */ = {
			isa = PBXFrameworksBuildPhase;
			buildActionMask = 2147483647;
			files = (
				75D7F428300E5231003373D1 /* StorylySwipeCardSwiftUI in Frameworks */,
				75D7F424300E5231003373D1 /* PlacementSwiftUI in Frameworks */,
				75D7F420300E5231003373D1 /* StorylyBannerSwiftUI in Frameworks */,
				75D7F42A300E5231003373D1 /* StorylyVideoFeedSwiftUI in Frameworks */,
				75D7F422300E5231003373D1 /* StorylyCanvasSwiftUI in Frameworks */,
				75D7F426300E5231003373D1 /* StorylyStoryBarSwiftUI in Frameworks */,
			);
			runOnlyForDeploymentPostprocessing = 0;
		};
/* End PBXFrameworksBuildPhase section */

/* Begin PBXGroup section */
		75D7F3DF300E4471003373D1 = {
			isa = PBXGroup;
			children = (
				75D7F3EA300E4471003373D1 /* SwiftUIDemo */,
				75D7F41E300E5231003373D1 /* Frameworks */,
				75D7F3E9300E4471003373D1 /* Products */,
			);
			sourceTree = "<group>";
		};
		75D7F3E9300E4471003373D1 /* Products */ = {
			isa = PBXGroup;
			children = (
				75D7F3E8300E4471003373D1 /* SwiftUIDemo.app */,
			);
			name = Products;
			sourceTree = "<group>";
		};
		75D7F41E300E5231003373D1 /* Frameworks */ = {
			isa = PBXGroup;
			children = (
			);
			name = Frameworks;
			sourceTree = "<group>";
		};
/* End PBXGroup section */

/* Begin PBXNativeTarget section */
		75D7F3E7300E4471003373D1 /* SwiftUIDemo */ = {
			isa = PBXNativeTarget;
			buildConfigurationList = 75D7F3F3300E4473003373D1 /* Build configuration list for PBXNativeTarget "SwiftUIDemo" */;
			buildPhases = (
				75D7F3E4300E4471003373D1 /* Sources */,
				75D7F3E5300E4471003373D1 /* Frameworks */,
				75D7F3E6300E4471003373D1 /* Resources */,
			);
			buildRules = (
			);
			dependencies = (
			);
			fileSystemSynchronizedGroups = (
				75D7F3EA300E4471003373D1 /* SwiftUIDemo */,
			);
			name = SwiftUIDemo;
			packageProductDependencies = (
				75D7F41F300E5231003373D1 /* StorylyBannerSwiftUI */,
				75D7F421300E5231003373D1 /* StorylyCanvasSwiftUI */,
				75D7F423300E5231003373D1 /* PlacementSwiftUI */,
				75D7F425300E5231003373D1 /* StorylyStoryBarSwiftUI */,
				75D7F427300E5231003373D1 /* StorylySwipeCardSwiftUI */,
				75D7F429300E5231003373D1 /* StorylyVideoFeedSwiftUI */,
			);
			productName = SwiftUIDemo;
			productReference = 75D7F3E8300E4471003373D1 /* SwiftUIDemo.app */;
			productType = "com.apple.product-type.application";
		};
/* End PBXNativeTarget section */

/* Begin PBXProject section */
		75D7F3E0300E4471003373D1 /* Project object */ = {
			isa = PBXProject;
			attributes = {
				BuildIndependentTargetsInParallel = 1;
				LastSwiftUpdateCheck = 2630;
				LastUpgradeCheck = 2630;
				TargetAttributes = {
					75D7F3E7300E4471003373D1 = {
						CreatedOnToolsVersion = 26.3;
					};
				};
			};
			buildConfigurationList = 75D7F3E3300E4471003373D1 /* Build configuration list for PBXProject "SwiftUIDemo" */;
			developmentRegion = en;
			hasScannedForEncodings = 0;
			knownRegions = (
				en,
				Base,
			);
			mainGroup = 75D7F3DF300E4471003373D1;
			minimizedProjectReferenceProxies = 1;
			packageReferences = (
				75D7F41D300E51BE003373D1 /* XCRemoteSwiftPackageReference "storyly-placement-swiftui" */,
			);
			preferredProjectObjectVersion = 77;
			productRefGroup = 75D7F3E9300E4471003373D1 /* Products */;
			projectDirPath = "";
			projectRoot = "";
			targets = (
				75D7F3E7300E4471003373D1 /* SwiftUIDemo */,
			);
		};
/* End PBXProject section */

/* Begin PBXResourcesBuildPhase section */
		75D7F3E6300E4471003373D1 /* Resources */ = {
			isa = PBXResourcesBuildPhase;
			buildActionMask = 2147483647;
			files = (
			);
			runOnlyForDeploymentPostprocessing = 0;
		};
/* End PBXResourcesBuildPhase section */

/* Begin PBXSourcesBuildPhase section */
		75D7F3E4300E4471003373D1 /* Sources */ = {
			isa = PBXSourcesBuildPhase;
			buildActionMask = 2147483647;
			files = (
			);
			runOnlyForDeploymentPostprocessing = 0;
		};
/* End PBXSourcesBuildPhase section */

/* Begin XCBuildConfiguration section */
		75D7F3F1300E4473003373D1 /* Debug */ = {
			isa = XCBuildConfiguration;
			buildSettings = {
				ALWAYS_SEARCH_USER_PATHS = NO;
				ASSETCATALOG_COMPILER_GENERATE_SWIFT_ASSET_SYMBOL_EXTENSIONS = YES;
				CLANG_ANALYZER_NONNULL = YES;
				CLANG_ANALYZER_NUMBER_OBJECT_CONVERSION = YES_AGGRESSIVE;
				CLANG_CXX_LANGUAGE_STANDARD = "gnu++20";
				CLANG_ENABLE_MODULES = YES;
				CLANG_ENABLE_OBJC_ARC = YES;
				CLANG_ENABLE_OBJC_WEAK = YES;
				CLANG_WARN_BLOCK_CAPTURE_AUTORELEASING = YES;
				CLANG_WARN_BOOL_CONVERSION = YES;
				CLANG_WARN_COMMA = YES;
				CLANG_WARN_CONSTANT_CONVERSION = YES;
				CLANG_WARN_DEPRECATED_OBJC_IMPLEMENTATIONS = YES;
				CLANG_WARN_DIRECT_OBJC_ISA_USAGE = YES_ERROR;
				CLANG_WARN_DOCUMENTATION_COMMENTS = YES;
				CLANG_WARN_EMPTY_BODY = YES;
				CLANG_WARN_ENUM_CONVERSION = YES;
				CLANG_WARN_INFINITE_RECURSION = YES;
				CLANG_WARN_INT_CONVERSION = YES;
				CLANG_WARN_NON_LITERAL_NULL_CONVERSION = YES;
				CLANG_WARN_OBJC_IMPLICIT_RETAIN_SELF = YES;
				CLANG_WARN_OBJC_LITERAL_CONVERSION = YES;
				CLANG_WARN_OBJC_ROOT_CLASS = YES_ERROR;
				CLANG_WARN_QUOTED_INCLUDE_IN_FRAMEWORK_HEADER = YES;
				CLANG_WARN_RANGE_LOOP_ANALYSIS = YES;
				CLANG_WARN_STRICT_PROTOTYPES = YES;
				CLANG_WARN_SUSPICIOUS_MOVE = YES;
				CLANG_WARN_UNGUARDED_AVAILABILITY = YES_AGGRESSIVE;
				CLANG_WARN_UNREACHABLE_CODE = YES;
				CLANG_WARN__DUPLICATE_METHOD_MATCH = YES;
				COPY_PHASE_STRIP = NO;
				DEBUG_INFORMATION_FORMAT = dwarf;
				ENABLE_STRICT_OBJC_MSGSEND = YES;
				ENABLE_TESTABILITY = YES;
				ENABLE_USER_SCRIPT_SANDBOXING = YES;
				GCC_C_LANGUAGE_STANDARD = gnu17;
				GCC_DYNAMIC_NO_PIC = NO;
				GCC_NO_COMMON_BLOCKS = YES;
				GCC_OPTIMIZATION_LEVEL = 0;
				GCC_PREPROCESSOR_DEFINITIONS = (
					"DEBUG=1",
					"$(inherited)",
				);
				GCC_WARN_64_TO_32_BIT_CONVERSION = YES;
				GCC_WARN_ABOUT_RETURN_TYPE = YES_ERROR;
				GCC_WARN_UNDECLARED_SELECTOR = YES;
				GCC_WARN_UNINITIALIZED_AUTOS = YES_AGGRESSIVE;
				GCC_WARN_UNUSED_FUNCTION = YES;
				GCC_WARN_UNUSED_VARIABLE = YES;
				IPHONEOS_DEPLOYMENT_TARGET = 26.2;
				LOCALIZATION_PREFERS_STRING_CATALOGS = YES;
				MTL_ENABLE_DEBUG_INFO = INCLUDE_SOURCE;
				MTL_FAST_MATH = YES;
				ONLY_ACTIVE_ARCH = YES;
				SDKROOT = iphoneos;
				SWIFT_ACTIVE_COMPILATION_CONDITIONS = "DEBUG $(inherited)";
				SWIFT_OPTIMIZATION_LEVEL = "-Onone";
			};
			name = Debug;
		};
		75D7F3F2300E4473003373D1 /* Release */ = {
			isa = XCBuildConfiguration;
			buildSettings = {
				ALWAYS_SEARCH_USER_PATHS = NO;
				ASSETCATALOG_COMPILER_GENERATE_SWIFT_ASSET_SYMBOL_EXTENSIONS = YES;
				CLANG_ANALYZER_NONNULL = YES;
				CLANG_ANALYZER_NUMBER_OBJECT_CONVERSION = YES_AGGRESSIVE;
				CLANG_CXX_LANGUAGE_STANDARD = "gnu++20";
				CLANG_ENABLE_MODULES = YES;
				CLANG_ENABLE_OBJC_ARC = YES;
				CLANG_ENABLE_OBJC_WEAK = YES;
				CLANG_WARN_BLOCK_CAPTURE_AUTORELEASING = YES;
				CLANG_WARN_BOOL_CONVERSION = YES;
				CLANG_WARN_COMMA = YES;
				CLANG_WARN_CONSTANT_CONVERSION = YES;
				CLANG_WARN_DEPRECATED_OBJC_IMPLEMENTATIONS = YES;
				CLANG_WARN_DIRECT_OBJC_ISA_USAGE = YES_ERROR;
				CLANG_WARN_DOCUMENTATION_COMMENTS = YES;
				CLANG_WARN_EMPTY_BODY = YES;
				CLANG_WARN_ENUM_CONVERSION = YES;
				CLANG_WARN_INFINITE_RECURSION = YES;
				CLANG_WARN_INT_CONVERSION = YES;
				CLANG_WARN_NON_LITERAL_NULL_CONVERSION = YES;
				CLANG_WARN_OBJC_IMPLICIT_RETAIN_SELF = YES;
				CLANG_WARN_OBJC_LITERAL_CONVERSION = YES;
				CLANG_WARN_OBJC_ROOT_CLASS = YES_ERROR;
				CLANG_WARN_QUOTED_INCLUDE_IN_FRAMEWORK_HEADER = YES;
				CLANG_WARN_RANGE_LOOP_ANALYSIS = YES;
				CLANG_WARN_STRICT_PROTOTYPES = YES;
				CLANG_WARN_SUSPICIOUS_MOVE = YES;
				CLANG_WARN_UNGUARDED_AVAILABILITY = YES_AGGRESSIVE;
				CLANG_WARN_UNREACHABLE_CODE = YES;
				CLANG_WARN__DUPLICATE_METHOD_MATCH = YES;
				COPY_PHASE_STRIP = NO;
				DEBUG_INFORMATION_FORMAT = "dwarf-with-dsym";
				ENABLE_NS_ASSERTIONS = NO;
				ENABLE_STRICT_OBJC_MSGSEND = YES;
				ENABLE_USER_SCRIPT_SANDBOXING = YES;
				GCC_C_LANGUAGE_STANDARD = gnu17;
				GCC_NO_COMMON_BLOCKS = YES;
				GCC_WARN_64_TO_32_BIT_CONVERSION = YES;
				GCC_WARN_ABOUT_RETURN_TYPE = YES_ERROR;
				GCC_WARN_UNDECLARED_SELECTOR = YES;
				GCC_WARN_UNINITIALIZED_AUTOS = YES_AGGRESSIVE;
				GCC_WARN_UNUSED_FUNCTION = YES;
				GCC_WARN_UNUSED_VARIABLE = YES;
				IPHONEOS_DEPLOYMENT_TARGET = 26.2;
				LOCALIZATION_PREFERS_STRING_CATALOGS = YES;
				MTL_ENABLE_DEBUG_INFO = NO;
				MTL_FAST_MATH = YES;
				SDKROOT = iphoneos;
				SWIFT_COMPILATION_MODE = wholemodule;
				VALIDATE_PRODUCT = YES;
			};
			name = Release;
		};
		75D7F3F4300E4473003373D1 /* Debug */ = {
			isa = XCBuildConfiguration;
			buildSettings = {
				ASSETCATALOG_COMPILER_APPICON_NAME = AppIcon;
				ASSETCATALOG_COMPILER_GLOBAL_ACCENT_COLOR_NAME = AccentColor;
				CODE_SIGN_STYLE = Automatic;
				CURRENT_PROJECT_VERSION = 1;
				ENABLE_PREVIEWS = YES;
				GENERATE_INFOPLIST_FILE = YES;
				INFOPLIST_KEY_UIApplicationSceneManifest_Generation = YES;
				INFOPLIST_KEY_UIApplicationSupportsIndirectInputEvents = YES;
				INFOPLIST_KEY_UILaunchScreen_Generation = YES;
				INFOPLIST_KEY_UISupportedInterfaceOrientations_iPad = "UIInterfaceOrientationPortrait UIInterfaceOrientationPortraitUpsideDown UIInterfaceOrientationLandscapeLeft UIInterfaceOrientationLandscapeRight";
				INFOPLIST_KEY_UISupportedInterfaceOrientations_iPhone = "UIInterfaceOrientationPortrait UIInterfaceOrientationLandscapeLeft UIInterfaceOrientationLandscapeRight";
				LD_RUNPATH_SEARCH_PATHS = (
					"$(inherited)",
					"@executable_path/Frameworks",
				);
				MARKETING_VERSION = 1.0;
				PRODUCT_BUNDLE_IDENTIFIER = com.example.storyly.SwiftUIDemo;
				PRODUCT_NAME = "$(TARGET_NAME)";
				STRING_CATALOG_GENERATE_SYMBOLS = YES;
				SWIFT_APPROACHABLE_CONCURRENCY = YES;
				SWIFT_DEFAULT_ACTOR_ISOLATION = MainActor;
				SWIFT_EMIT_LOC_STRINGS = YES;
				SWIFT_UPCOMING_FEATURE_MEMBER_IMPORT_VISIBILITY = YES;
				SWIFT_VERSION = 5.0;
				TARGETED_DEVICE_FAMILY = "1,2";
			};
			name = Debug;
		};
		75D7F3F5300E4473003373D1 /* Release */ = {
			isa = XCBuildConfiguration;
			buildSettings = {
				ASSETCATALOG_COMPILER_APPICON_NAME = AppIcon;
				ASSETCATALOG_COMPILER_GLOBAL_ACCENT_COLOR_NAME = AccentColor;
				CODE_SIGN_STYLE = Automatic;
				CURRENT_PROJECT_VERSION = 1;
				ENABLE_PREVIEWS = YES;
				GENERATE_INFOPLIST_FILE = YES;
				INFOPLIST_KEY_UIApplicationSceneManifest_Generation = YES;
				INFOPLIST_KEY_UIApplicationSupportsIndirectInputEvents = YES;
				INFOPLIST_KEY_UILaunchScreen_Generation = YES;
				INFOPLIST_KEY_UISupportedInterfaceOrientations_iPad = "UIInterfaceOrientationPortrait UIInterfaceOrientationPortraitUpsideDown UIInterfaceOrientationLandscapeLeft UIInterfaceOrientationLandscapeRight";
				INFOPLIST_KEY_UISupportedInterfaceOrientations_iPhone = "UIInterfaceOrientationPortrait UIInterfaceOrientationLandscapeLeft UIInterfaceOrientationLandscapeRight";
				LD_RUNPATH_SEARCH_PATHS = (
					"$(inherited)",
					"@executable_path/Frameworks",
				);
				MARKETING_VERSION = 1.0;
				PRODUCT_BUNDLE_IDENTIFIER = com.example.storyly.SwiftUIDemo;
				PRODUCT_NAME = "$(TARGET_NAME)";
				STRING_CATALOG_GENERATE_SYMBOLS = YES;
				SWIFT_APPROACHABLE_CONCURRENCY = YES;
				SWIFT_DEFAULT_ACTOR_ISOLATION = MainActor;
				SWIFT_EMIT_LOC_STRINGS = YES;
				SWIFT_UPCOMING_FEATURE_MEMBER_IMPORT_VISIBILITY = YES;
				SWIFT_VERSION = 5.0;
				TARGETED_DEVICE_FAMILY = "1,2";
			};
			name = Release;
		};
/* End XCBuildConfiguration section */

/* Begin XCConfigurationList section */
		75D7F3E3300E4471003373D1 /* Build configuration list for PBXProject "SwiftUIDemo" */ = {
			isa = XCConfigurationList;
			buildConfigurations = (
				75D7F3F1300E4473003373D1 /* Debug */,
				75D7F3F2300E4473003373D1 /* Release */,
			);
			defaultConfigurationIsVisible = 0;
			defaultConfigurationName = Release;
		};
		75D7F3F3300E4473003373D1 /* Build configuration list for PBXNativeTarget "SwiftUIDemo" */ = {
			isa = XCConfigurationList;
			buildConfigurations = (
				75D7F3F4300E4473003373D1 /* Debug */,
				75D7F3F5300E4473003373D1 /* Release */,
			);
			defaultConfigurationIsVisible = 0;
			defaultConfigurationName = Release;
		};
/* End XCConfigurationList section */

/* Begin XCRemoteSwiftPackageReference section */
		75D7F41D300E51BE003373D1 /* XCRemoteSwiftPackageReference "storyly-placement-swiftui" */ = {
			isa = XCRemoteSwiftPackageReference;
			repositoryURL = "https://github.com/Netvent/storyly-placement-swiftui";
			requirement = {
				kind = upToNextMajorVersion;
				minimumVersion = 1.12.0;
			};
		};
/* End XCRemoteSwiftPackageReference section */

/* Begin XCSwiftPackageProductDependency section */
		75D7F41F300E5231003373D1 /* StorylyBannerSwiftUI */ = {
			isa = XCSwiftPackageProductDependency;
			package = 75D7F41D300E51BE003373D1 /* XCRemoteSwiftPackageReference "storyly-placement-swiftui" */;
			productName = StorylyBannerSwiftUI;
		};
		75D7F421300E5231003373D1 /* StorylyCanvasSwiftUI */ = {
			isa = XCSwiftPackageProductDependency;
			package = 75D7F41D300E51BE003373D1 /* XCRemoteSwiftPackageReference "storyly-placement-swiftui" */;
			productName = StorylyCanvasSwiftUI;
		};
		75D7F423300E5231003373D1 /* PlacementSwiftUI */ = {
			isa = XCSwiftPackageProductDependency;
			package = 75D7F41D300E51BE003373D1 /* XCRemoteSwiftPackageReference "storyly-placement-swiftui" */;
			productName = PlacementSwiftUI;
		};
		75D7F425300E5231003373D1 /* StorylyStoryBarSwiftUI */ = {
			isa = XCSwiftPackageProductDependency;
			package = 75D7F41D300E51BE003373D1 /* XCRemoteSwiftPackageReference "storyly-placement-swiftui" */;
			productName = StorylyStoryBarSwiftUI;
		};
		75D7F427300E5231003373D1 /* StorylySwipeCardSwiftUI */ = {
			isa = XCSwiftPackageProductDependency;
			package = 75D7F41D300E51BE003373D1 /* XCRemoteSwiftPackageReference "storyly-placement-swiftui" */;
			productName = StorylySwipeCardSwiftUI;
		};
		75D7F429300E5231003373D1 /* StorylyVideoFeedSwiftUI */ = {
			isa = XCSwiftPackageProductDependency;
			package = 75D7F41D300E51BE003373D1 /* XCRemoteSwiftPackageReference "storyly-placement-swiftui" */;
			productName = StorylyVideoFeedSwiftUI;
		};
/* End XCSwiftPackageProductDependency section */
	};
	rootObject = 75D7F3E0300E4471003373D1 /* Project object */;
}
